// !$*UTF8*$!
{
	archiveVersion = 1;
	classes = {
	};
	objectVersion = 56;
	objects = {

/* Begin PBXBuildFile section */
		954A4EBC2B3198E400FB6A4D /* BookingViewModel.swift in Sources */ = {isa = PBXBuildFile; fileRef = 954A4EBB2B3198E400FB6A4D /* BookingViewModel.swift */; };
		954A4EBE2B319EE100FB6A4D /* ArrayBoolExtension.swift in Sources */ = {isa = PBXBuildFile; fileRef = 954A4EBD2B319EE100FB6A4D /* ArrayBoolExtension.swift */; };
		954A4EC72B31E34B00FB6A4D /* HotelViewModel.swift in Sources */ = {isa = PBXBuildFile; fileRef = 954A4EC62B31E34B00FB6A4D /* HotelViewModel.swift */; };
		954A4EC92B31E35800FB6A4D /* RoomsViewModel.swift in Sources */ = {isa = PBXBuildFile; fileRef = 954A4EC82B31E35800FB6A4D /* RoomsViewModel.swift */; };
		954A4ECE2B329C2900FB6A4D /* AppCooordinator.swift in Sources */ = {isa = PBXBuildFile; fileRef = 954A4ECD2B329C2900FB6A4D /* AppCooordinator.swift */; };
		954A4ED02B32B1A300FB6A4D /* AppError.swift in Sources */ = {isa = PBXBuildFile; fileRef = 954A4ECF2B32B1A300FB6A4D /* AppError.swift */; };
		954A4ED22B32B99000FB6A4D /* Placeholder.swift in Sources */ = {isa = PBXBuildFile; fileRef = 954A4ED12B32B99000FB6A4D /* Placeholder.swift */; };
		956E16A92B2D71DB00261FD6 /* BookingHotel.swift in Sources */ = {isa = PBXBuildFile; fileRef = 956E16A82B2D71DB00261FD6 /* BookingHotel.swift */; };
		956E16AB2B2D72EF00261FD6 /* BookingInfo.swift in Sources */ = {isa = PBXBuildFile; fileRef = 956E16AA2B2D72EF00261FD6 /* BookingInfo.swift */; };
		956E16AD2B2D798200261FD6 /* AppFormatter.swift in Sources */ = {isa = PBXBuildFile; fileRef = 956E16AC2B2D798200261FD6 /* AppFormatter.swift */; };
		956E16AF2B2D7F2900261FD6 /* CustomerForm.swift in Sources */ = {isa = PBXBuildFile; fileRef = 956E16AE2B2D7F2900261FD6 /* CustomerForm.swift */; };
		956E16B12B2D821C00261FD6 /* EmailTextField.swift in Sources */ = {isa = PBXBuildFile; fileRef = 956E16B02B2D821C00261FD6 /* EmailTextField.swift */; };
		956E16B32B2D839900261FD6 /* PhoneTextFiled.swift in Sources */ = {isa = PBXBuildFile; fileRef = 956E16B22B2D839800261FD6 /* PhoneTextFiled.swift */; };
		956E16B52B2D85C000261FD6 /* WrapperTextField.swift in Sources */ = {isa = PBXBuildFile; fileRef = 956E16B42B2D85C000261FD6 /* WrapperTextField.swift */; };
		956E16C62B2E088700261FD6 /* StringExtension.swift in Sources */ = {isa = PBXBuildFile; fileRef = 956E16C52B2E088700261FD6 /* StringExtension.swift */; };
		956E16C92B2E156400261FD6 /* TouristForm.swift in Sources */ = {isa = PBXBuildFile; fileRef = 956E16C82B2E156400261FD6 /* TouristForm.swift */; };
		956E16CB2B2E17E200261FD6 /* NumeralFormatStyle.swift in Sources */ = {isa = PBXBuildFile; fileRef = 956E16CA2B2E17E200261FD6 /* NumeralFormatStyle.swift */; };
		956E16CD2B2E1A9F00261FD6 /* PersonalTextField.swift in Sources */ = {isa = PBXBuildFile; fileRef = 956E16CC2B2E1A9F00261FD6 /* PersonalTextField.swift */; };
		956E16D02B2EF3D500261FD6 /* DatePickerField.swift in Sources */ = {isa = PBXBuildFile; fileRef = 956E16CF2B2EF3D500261FD6 /* DatePickerField.swift */; };
		956E16D22B2EFB8E00261FD6 /* AppCalendar.swift in Sources */ = {isa = PBXBuildFile; fileRef = 956E16D12B2EFB8E00261FD6 /* AppCalendar.swift */; };
		956E16D42B2F0FF400261FD6 /* ToggleButton.swift in Sources */ = {isa = PBXBuildFile; fileRef = 956E16D32B2F0FF400261FD6 /* ToggleButton.swift */; };
		956E16D62B2F120500261FD6 /* AddTouristView.swift in Sources */ = {isa = PBXBuildFile; fileRef = 956E16D52B2F120500261FD6 /* AddTouristView.swift */; };
		956E16D82B2F127800261FD6 /* WrapperButton.swift in Sources */ = {isa = PBXBuildFile; fileRef = 956E16D72B2F127800261FD6 /* WrapperButton.swift */; };
		956E16DC2B2F310300261FD6 /* ReadSizeViewExtension.swift in Sources */ = {isa = PBXBuildFile; fileRef = 956E16DB2B2F310300261FD6 /* ReadSizeViewExtension.swift */; };
		956E16E02B2F3ADF00261FD6 /* Tourist.swift in Sources */ = {isa = PBXBuildFile; fileRef = 956E16DF2B2F3ADF00261FD6 /* Tourist.swift */; };
		956E16E22B2F3B4300261FD6 /* Customer.swift in Sources */ = {isa = PBXBuildFile; fileRef = 956E16E12B2F3B4300261FD6 /* Customer.swift */; };
		956E16E62B2F599000261FD6 /* InvoiceView.swift in Sources */ = {isa = PBXBuildFile; fileRef = 956E16E52B2F599000261FD6 /* InvoiceView.swift */; };
		956E16E82B300D1C00261FD6 /* PhoneFormatStyle.swift in Sources */ = {isa = PBXBuildFile; fileRef = 956E16E72B300D1C00261FD6 /* PhoneFormatStyle.swift */; };
		9575651B2B2B7E0100415531 /* HotelBookingApp.swift in Sources */ = {isa = PBXBuildFile; fileRef = 9575651A2B2B7E0100415531 /* HotelBookingApp.swift */; };
		9575651D2B2B7E0100415531 /* ContentView.swift in Sources */ = {isa = PBXBuildFile; fileRef = 9575651C2B2B7E0100415531 /* ContentView.swift */; };
		9575651F2B2B7E0300415531 /* Assets.xcassets in Resources */ = {isa = PBXBuildFile; fileRef = 9575651E2B2B7E0300415531 /* Assets.xcassets */; };
		957565222B2B7E0300415531 /* Preview Assets.xcassets in Resources */ = {isa = PBXBuildFile; fileRef = 957565212B2B7E0300415531 /* Preview Assets.xcassets */; };
		9575652A2B2B7F5400415531 /* Hotel.swift in Sources */ = {isa = PBXBuildFile; fileRef = 957565292B2B7F5400415531 /* Hotel.swift */; };
		9575652C2B2B7FAE00415531 /* PlaceholderHotel.json in Resources */ = {isa = PBXBuildFile; fileRef = 9575652B2B2B7FAE00415531 /* PlaceholderHotel.json */; };
		957565312B2B815800415531 /* HotelService.swift in Sources */ = {isa = PBXBuildFile; fileRef = 957565302B2B815800415531 /* HotelService.swift */; };
		957565332B2B81AA00415531 /* HotelServiceError.swift in Sources */ = {isa = PBXBuildFile; fileRef = 957565322B2B81AA00415531 /* HotelServiceError.swift */; };
		957565352B2B871800415531 /* PlaceholderRooms.json in Resources */ = {isa = PBXBuildFile; fileRef = 957565342B2B871800415531 /* PlaceholderRooms.json */; };
		957565372B2B899D00415531 /* Room.swift in Sources */ = {isa = PBXBuildFile; fileRef = 957565362B2B899D00415531 /* Room.swift */; };
		957565392B2B8BDE00415531 /* PlaceholderBooking.json in Resources */ = {isa = PBXBuildFile; fileRef = 957565382B2B8BDD00415531 /* PlaceholderBooking.json */; };
		9575653B2B2B8BEB00415531 /* Booking.swift in Sources */ = {isa = PBXBuildFile; fileRef = 9575653A2B2B8BEB00415531 /* Booking.swift */; };
		957565402B2B8EF100415531 /* HotelView.swift in Sources */ = {isa = PBXBuildFile; fileRef = 9575653F2B2B8EF100415531 /* HotelView.swift */; };
		957565422B2B8FB300415531 /* ImageSlider.swift in Sources */ = {isa = PBXBuildFile; fileRef = 957565412B2B8FB300415531 /* ImageSlider.swift */; };
		957565452B2B938600415531 /* AppGrid.swift in Sources */ = {isa = PBXBuildFile; fileRef = 957565442B2B938600415531 /* AppGrid.swift */; };
		957565472B2B94F500415531 /* AppFonts.swift in Sources */ = {isa = PBXBuildFile; fileRef = 957565462B2B94F500415531 /* AppFonts.swift */; };
		957565492B2B9A2700415531 /* HotelBudge.swift in Sources */ = {isa = PBXBuildFile; fileRef = 957565482B2B9A2600415531 /* HotelBudge.swift */; };
		9575654B2B2B9BB800415531 /* AppColors.swift in Sources */ = {isa = PBXBuildFile; fileRef = 9575654A2B2B9BB800415531 /* AppColors.swift */; };
		9575654D2B2B9F1600415531 /* HotelThumbView.swift in Sources */ = {isa = PBXBuildFile; fileRef = 9575654C2B2B9F1600415531 /* HotelThumbView.swift */; };
		957565502B2C0E9300415531 /* PriceFormatStyle.swift in Sources */ = {isa = PBXBuildFile; fileRef = 9575654F2B2C0E9300415531 /* PriceFormatStyle.swift */; };
		957565542B2C109800415531 /* SafeAreaInsetsKey.swift in Sources */ = {isa = PBXBuildFile; fileRef = 957565532B2C109800415531 /* SafeAreaInsetsKey.swift */; };
		957565562B2C143E00415531 /* HotelAboutView.swift in Sources */ = {isa = PBXBuildFile; fileRef = 957565552B2C143E00415531 /* HotelAboutView.swift */; };
		957565582B2C15F200415531 /* TagItem.swift in Sources */ = {isa = PBXBuildFile; fileRef = 957565572B2C15F200415531 /* TagItem.swift */; };
		9575655A2B2C1C1E00415531 /* TagsView.swift in Sources */ = {isa = PBXBuildFile; fileRef = 957565592B2C1C1E00415531 /* TagsView.swift */; };
		9575655E2B2C23A700415531 /* Service.swift in Sources */ = {isa = PBXBuildFile; fileRef = 9575655D2B2C23A700415531 /* Service.swift */; };
		957565632B2C80BC00415531 /* EdgeBorder.swift in Sources */ = {isa = PBXBuildFile; fileRef = 957565622B2C80BB00415531 /* EdgeBorder.swift */; };
		957565672B2C82A300415531 /* HotelServicesView.swift in Sources */ = {isa = PBXBuildFile; fileRef = 957565662B2C82A300415531 /* HotelServicesView.swift */; };
		9575656A2B2CAA9B00415531 /* RoomsView.swift in Sources */ = {isa = PBXBuildFile; fileRef = 957565692B2CAA9B00415531 /* RoomsView.swift */; };
		9575656C2B2CAC2F00415531 /* RoomView.swift in Sources */ = {isa = PBXBuildFile; fileRef = 9575656B2B2CAC2F00415531 /* RoomView.swift */; };
		9575656E2B2CAF7900415531 /* NavigationButtonSecond.swift in Sources */ = {isa = PBXBuildFile; fileRef = 9575656D2B2CAF7900415531 /* NavigationButtonSecond.swift */; };
		957565702B2CB11700415531 /* PriceDescriptorView.swift in Sources */ = {isa = PBXBuildFile; fileRef = 9575656F2B2CB11700415531 /* PriceDescriptorView.swift */; };
		957565722B2CCB7900415531 /* AppDelegate.swift in Sources */ = {isa = PBXBuildFile; fileRef = 957565712B2CCB7900415531 /* AppDelegate.swift */; };
		957565752B2D713100415531 /* BookingView.swift in Sources */ = {isa = PBXBuildFile; fileRef = 957565742B2D713100415531 /* BookingView.swift */; };
		95CC715B2B3035250002EF39 /* ScreenSizePreferenceKey.swift in Sources */ = {isa = PBXBuildFile; fileRef = 95CC715A2B3035250002EF39 /* ScreenSizePreferenceKey.swift */; };
		95CC715D2B303D4E0002EF39 /* KeyboardAvoiding.swift in Sources */ = {isa = PBXBuildFile; fileRef = 95CC715C2B303D4E0002EF39 /* KeyboardAvoiding.swift */; };
		95CC715F2B306F360002EF39 /* DateTextField.swift in Sources */ = {isa = PBXBuildFile; fileRef = 95CC715E2B306F360002EF39 /* DateTextField.swift */; };
		95CC71612B30781E0002EF39 /* DateExtension.swift in Sources */ = {isa = PBXBuildFile; fileRef = 95CC71602B30781E0002EF39 /* DateExtension.swift */; };
		95CC71632B3093F90002EF39 /* PhoneFormatter.swift in Sources */ = {isa = PBXBuildFile; fileRef = 95CC71622B3093F90002EF39 /* PhoneFormatter.swift */; };
		95CC71662B30DD3F0002EF39 /* ReceiptView.swift in Sources */ = {isa = PBXBuildFile; fileRef = 95CC71652B30DD3F0002EF39 /* ReceiptView.swift */; };
		95CC71692B31535F0002EF39 /* Coordinator.swift in Sources */ = {isa = PBXBuildFile; fileRef = 95CC71682B31535F0002EF39 /* Coordinator.swift */; };
		95CC716B2B3153700002EF39 /* NavigationRouter.swift in Sources */ = {isa = PBXBuildFile; fileRef = 95CC716A2B3153700002EF39 /* NavigationRouter.swift */; };
		95CC71712B31543C0002EF39 /* HotelRouter.swift in Sources */ = {isa = PBXBuildFile; fileRef = 95CC71702B31543C0002EF39 /* HotelRouter.swift */; };
		95CC71742B3157200002EF39 /* HotelCoordinatorView.swift in Sources */ = {isa = PBXBuildFile; fileRef = 95CC71732B3157200002EF39 /* HotelCoordinatorView.swift */; };
/* End PBXBuildFile section */

/* Begin PBXFileReference section */
		954A4EBB2B3198E400FB6A4D /* BookingViewModel.swift */ = {isa = PBXFileReference; lastKnownFileType = sourcecode.swift; path = BookingViewModel.swift; sourceTree = "<group>"; };
		954A4EBD2B319EE100FB6A4D /* ArrayBoolExtension.swift */ = {isa = PBXFileReference; fileEncoding = 4; lastKnownFileType = sourcecode.swift; path = ArrayBoolExtension.swift; sourceTree = "<group>"; };
		954A4EC62B31E34B00FB6A4D /* HotelViewModel.swift */ = {isa = PBXFileReference; lastKnownFileType = sourcecode.swift; path = HotelViewModel.swift; sourceTree = "<group>"; };
		954A4EC82B31E35800FB6A4D /* RoomsViewModel.swift */ = {isa = PBXFileReference; lastKnownFileType = sourcecode.swift; path = RoomsViewModel.swift; sourceTree = "<group>"; };
		954A4ECD2B329C2900FB6A4D /* AppCooordinator.swift */ = {isa = PBXFileReference; lastKnownFileType = sourcecode.swift; path = AppCooordinator.swift; sourceTree = "<group>"; };
		954A4ECF2B32B1A300FB6A4D /* AppError.swift */ = {isa = PBXFileReference; lastKnownFileType = sourcecode.swift; path = AppError.swift; sourceTree = "<group>"; };
		954A4ED12B32B99000FB6A4D /* Placeholder.swift */ = {isa = PBXFileReference; lastKnownFileType = sourcecode.swift; path = Placeholder.swift; sourceTree = "<group>"; };
		956E16A82B2D71DB00261FD6 /* BookingHotel.swift */ = {isa = PBXFileReference; lastKnownFileType = sourcecode.swift; path = BookingHotel.swift; sourceTree = "<group>"; };
		956E16AA2B2D72EF00261FD6 /* BookingInfo.swift */ = {isa = PBXFileReference; lastKnownFileType = sourcecode.swift; path = BookingInfo.swift; sourceTree = "<group>"; };
		956E16AC2B2D798200261FD6 /* AppFormatter.swift */ = {isa = PBXFileReference; lastKnownFileType = sourcecode.swift; path = AppFormatter.swift; sourceTree = "<group>"; };
		956E16AE2B2D7F2900261FD6 /* CustomerForm.swift */ = {isa = PBXFileReference; lastKnownFileType = sourcecode.swift; path = CustomerForm.swift; sourceTree = "<group>"; };
		956E16B02B2D821C00261FD6 /* EmailTextField.swift */ = {isa = PBXFileReference; lastKnownFileType = sourcecode.swift; path = EmailTextField.swift; sourceTree = "<group>"; };
		956E16B22B2D839800261FD6 /* PhoneTextFiled.swift */ = {isa = PBXFileReference; lastKnownFileType = sourcecode.swift; path = PhoneTextFiled.swift; sourceTree = "<group>"; };
		956E16B42B2D85C000261FD6 /* WrapperTextField.swift */ = {isa = PBXFileReference; lastKnownFileType = sourcecode.swift; path = WrapperTextField.swift; sourceTree = "<group>"; };
		956E16C52B2E088700261FD6 /* StringExtension.swift */ = {isa = PBXFileReference; lastKnownFileType = sourcecode.swift; path = StringExtension.swift; sourceTree = "<group>"; };
		956E16C82B2E156400261FD6 /* TouristForm.swift */ = {isa = PBXFileReference; lastKnownFileType = sourcecode.swift; path = TouristForm.swift; sourceTree = "<group>"; };
		956E16CA2B2E17E200261FD6 /* NumeralFormatStyle.swift */ = {isa = PBXFileReference; lastKnownFileType = sourcecode.swift; path = NumeralFormatStyle.swift; sourceTree = "<group>"; };
		956E16CC2B2E1A9F00261FD6 /* PersonalTextField.swift */ = {isa = PBXFileReference; lastKnownFileType = sourcecode.swift; path = PersonalTextField.swift; sourceTree = "<group>"; };
		956E16CF2B2EF3D500261FD6 /* DatePickerField.swift */ = {isa = PBXFileReference; lastKnownFileType = sourcecode.swift; path = DatePickerField.swift; sourceTree = "<group>"; };
		956E16D12B2EFB8E00261FD6 /* AppCalendar.swift */ = {isa = PBXFileReference; lastKnownFileType = sourcecode.swift; path = AppCalendar.swift; sourceTree = "<group>"; };
		956E16D32B2F0FF400261FD6 /* ToggleButton.swift */ = {isa = PBXFileReference; lastKnownFileType = sourcecode.swift; path = ToggleButton.swift; sourceTree = "<group>"; };
		956E16D52B2F120500261FD6 /* AddTouristView.swift */ = {isa = PBXFileReference; lastKnownFileType = sourcecode.swift; path = AddTouristView.swift; sourceTree = "<group>"; };
		956E16D72B2F127800261FD6 /* WrapperButton.swift */ = {isa = PBXFileReference; lastKnownFileType = sourcecode.swift; path = WrapperButton.swift; sourceTree = "<group>"; };
		956E16DB2B2F310300261FD6 /* ReadSizeViewExtension.swift */ = {isa = PBXFileReference; lastKnownFileType = sourcecode.swift; path = ReadSizeViewExtension.swift; sourceTree = "<group>"; };
		956E16DF2B2F3ADF00261FD6 /* Tourist.swift */ = {isa = PBXFileReference; lastKnownFileType = sourcecode.swift; path = Tourist.swift; sourceTree = "<group>"; };
		956E16E12B2F3B4300261FD6 /* Customer.swift */ = {isa = PBXFileReference; lastKnownFileType = sourcecode.swift; path = Customer.swift; sourceTree = "<group>"; };
		956E16E52B2F599000261FD6 /* InvoiceView.swift */ = {isa = PBXFileReference; lastKnownFileType = sourcecode.swift; path = InvoiceView.swift; sourceTree = "<group>"; };
		956E16E72B300D1C00261FD6 /* PhoneFormatStyle.swift */ = {isa = PBXFileReference; lastKnownFileType = sourcecode.swift; path = PhoneFormatStyle.swift; sourceTree = "<group>"; };
		957565172B2B7E0100415531 /* HotelBooking.app */ = {isa = PBXFileReference; explicitFileType = wrapper.application; includeInIndex = 0; path = HotelBooking.app; sourceTree = BUILT_PRODUCTS_DIR; };
		9575651A2B2B7E0100415531 /* HotelBookingApp.swift */ = {isa = PBXFileReference; lastKnownFileType = sourcecode.swift; path = HotelBookingApp.swift; sourceTree = "<group>"; };
		9575651C2B2B7E0100415531 /* ContentView.swift */ = {isa = PBXFileReference; lastKnownFileType = sourcecode.swift; path = ContentView.swift; sourceTree = "<group>"; };
		9575651E2B2B7E0300415531 /* Assets.xcassets */ = {isa = PBXFileReference; lastKnownFileType = folder.assetcatalog; path = Assets.xcassets; sourceTree = "<group>"; };
		957565212B2B7E0300415531 /* Preview Assets.xcassets */ = {isa = PBXFileReference; lastKnownFileType = folder.assetcatalog; path = "Preview Assets.xcassets"; sourceTree = "<group>"; };
		957565292B2B7F5400415531 /* Hotel.swift */ = {isa = PBXFileReference; lastKnownFileType = sourcecode.swift; path = Hotel.swift; sourceTree = "<group>"; };
		9575652B2B2B7FAE00415531 /* PlaceholderHotel.json */ = {isa = PBXFileReference; fileEncoding = 4; lastKnownFileType = text.json; path = PlaceholderHotel.json; sourceTree = "<group>"; };
		957565302B2B815800415531 /* HotelService.swift */ = {isa = PBXFileReference; lastKnownFileType = sourcecode.swift; path = HotelService.swift; sourceTree = "<group>"; };
		957565322B2B81AA00415531 /* HotelServiceError.swift */ = {isa = PBXFileReference; lastKnownFileType = sourcecode.swift; path = HotelServiceError.swift; sourceTree = "<group>"; };
		957565342B2B871800415531 /* PlaceholderRooms.json */ = {isa = PBXFileReference; fileEncoding = 4; lastKnownFileType = text.json; path = PlaceholderRooms.json; sourceTree = "<group>"; };
		957565362B2B899D00415531 /* Room.swift */ = {isa = PBXFileReference; lastKnownFileType = sourcecode.swift; path = Room.swift; sourceTree = "<group>"; };
		957565382B2B8BDD00415531 /* PlaceholderBooking.json */ = {isa = PBXFileReference; fileEncoding = 4; lastKnownFileType = text.json; path = PlaceholderBooking.json; sourceTree = "<group>"; };
		9575653A2B2B8BEB00415531 /* Booking.swift */ = {isa = PBXFileReference; lastKnownFileType = sourcecode.swift; path = Booking.swift; sourceTree = "<group>"; };
		9575653F2B2B8EF100415531 /* HotelView.swift */ = {isa = PBXFileReference; lastKnownFileType = sourcecode.swift; path = HotelView.swift; sourceTree = "<group>"; };
		957565412B2B8FB300415531 /* ImageSlider.swift */ = {isa = PBXFileReference; lastKnownFileType = sourcecode.swift; path = ImageSlider.swift; sourceTree = "<group>"; };
		957565442B2B938600415531 /* AppGrid.swift */ = {isa = PBXFileReference; lastKnownFileType = sourcecode.swift; path = AppGrid.swift; sourceTree = "<group>"; };
		957565462B2B94F500415531 /* AppFonts.swift */ = {isa = PBXFileReference; lastKnownFileType = sourcecode.swift; path = AppFonts.swift; sourceTree = "<group>"; };
		957565482B2B9A2600415531 /* HotelBudge.swift */ = {isa = PBXFileReference; lastKnownFileType = sourcecode.swift; path = HotelBudge.swift; sourceTree = "<group>"; };
		9575654A2B2B9BB800415531 /* AppColors.swift */ = {isa = PBXFileReference; lastKnownFileType = sourcecode.swift; path = AppColors.swift; sourceTree = "<group>"; };
		9575654C2B2B9F1600415531 /* HotelThumbView.swift */ = {isa = PBXFileReference; lastKnownFileType = sourcecode.swift; path = HotelThumbView.swift; sourceTree = "<group>"; };
		9575654F2B2C0E9300415531 /* PriceFormatStyle.swift */ = {isa = PBXFileReference; lastKnownFileType = sourcecode.swift; path = PriceFormatStyle.swift; sourceTree = "<group>"; };
		957565532B2C109800415531 /* SafeAreaInsetsKey.swift */ = {isa = PBXFileReference; lastKnownFileType = sourcecode.swift; path = SafeAreaInsetsKey.swift; sourceTree = "<group>"; };
		957565552B2C143E00415531 /* HotelAboutView.swift */ = {isa = PBXFileReference; lastKnownFileType = sourcecode.swift; path = HotelAboutView.swift; sourceTree = "<group>"; };
		957565572B2C15F200415531 /* TagItem.swift */ = {isa = PBXFileReference; lastKnownFileType = sourcecode.swift; path = TagItem.swift; sourceTree = "<group>"; };
		957565592B2C1C1E00415531 /* TagsView.swift */ = {isa = PBXFileReference; lastKnownFileType = sourcecode.swift; path = TagsView.swift; sourceTree = "<group>"; };
		9575655D2B2C23A700415531 /* Service.swift */ = {isa = PBXFileReference; lastKnownFileType = sourcecode.swift; path = Service.swift; sourceTree = "<group>"; };
		957565622B2C80BB00415531 /* EdgeBorder.swift */ = {isa = PBXFileReference; lastKnownFileType = sourcecode.swift; path = EdgeBorder.swift; sourceTree = "<group>"; };
		957565662B2C82A300415531 /* HotelServicesView.swift */ = {isa = PBXFileReference; lastKnownFileType = sourcecode.swift; path = HotelServicesView.swift; sourceTree = "<group>"; };
		957565692B2CAA9B00415531 /* RoomsView.swift */ = {isa = PBXFileReference; lastKnownFileType = sourcecode.swift; path = RoomsView.swift; sourceTree = "<group>"; };
		9575656B2B2CAC2F00415531 /* RoomView.swift */ = {isa = PBXFileReference; lastKnownFileType = sourcecode.swift; path = RoomView.swift; sourceTree = "<group>"; };
		9575656D2B2CAF7900415531 /* NavigationButtonSecond.swift */ = {isa = PBXFileReference; lastKnownFileType = sourcecode.swift; path = NavigationButtonSecond.swift; sourceTree = "<group>"; };
		9575656F2B2CB11700415531 /* PriceDescriptorView.swift */ = {isa = PBXFileReference; lastKnownFileType = sourcecode.swift; path = PriceDescriptorView.swift; sourceTree = "<group>"; };
		957565712B2CCB7900415531 /* AppDelegate.swift */ = {isa = PBXFileReference; lastKnownFileType = sourcecode.swift; path = AppDelegate.swift; sourceTree = "<group>"; };
		957565742B2D713100415531 /* BookingView.swift */ = {isa = PBXFileReference; lastKnownFileType = sourcecode.swift; path = BookingView.swift; sourceTree = "<group>"; };
		95CC715A2B3035250002EF39 /* ScreenSizePreferenceKey.swift */ = {isa = PBXFileReference; lastKnownFileType = sourcecode.swift; path = ScreenSizePreferenceKey.swift; sourceTree = "<group>"; };
		95CC715C2B303D4E0002EF39 /* KeyboardAvoiding.swift */ = {isa = PBXFileReference; lastKnownFileType = sourcecode.swift; path = KeyboardAvoiding.swift; sourceTree = "<group>"; };
		95CC715E2B306F360002EF39 /* DateTextField.swift */ = {isa = PBXFileReference; lastKnownFileType = sourcecode.swift; path = DateTextField.swift; sourceTree = "<group>"; };
		95CC71602B30781E0002EF39 /* DateExtension.swift */ = {isa = PBXFileReference; lastKnownFileType = sourcecode.swift; path = DateExtension.swift; sourceTree = "<group>"; };
		95CC71622B3093F90002EF39 /* PhoneFormatter.swift */ = {isa = PBXFileReference; lastKnownFileType = sourcecode.swift; path = PhoneFormatter.swift; sourceTree = "<group>"; };
		95CC71652B30DD3F0002EF39 /* ReceiptView.swift */ = {isa = PBXFileReference; lastKnownFileType = sourcecode.swift; path = ReceiptView.swift; sourceTree = "<group>"; };
		95CC71682B31535F0002EF39 /* Coordinator.swift */ = {isa = PBXFileReference; lastKnownFileType = sourcecode.swift; path = Coordinator.swift; sourceTree = "<group>"; };
		95CC716A2B3153700002EF39 /* NavigationRouter.swift */ = {isa = PBXFileReference; lastKnownFileType = sourcecode.swift; path = NavigationRouter.swift; sourceTree = "<group>"; };
		95CC71702B31543C0002EF39 /* HotelRouter.swift */ = {isa = PBXFileReference; lastKnownFileType = sourcecode.swift; path = HotelRouter.swift; sourceTree = "<group>"; };
		95CC71732B3157200002EF39 /* HotelCoordinatorView.swift */ = {isa = PBXFileReference; lastKnownFileType = sourcecode.swift; path = HotelCoordinatorView.swift; sourceTree = "<group>"; };
/* End PBXFileReference section */

/* Begin PBXFrameworksBuildPhase section */
		957565142B2B7E0100415531 /* Frameworks */ = {
			isa = PBXFrameworksBuildPhase;
			buildActionMask = 2147483647;
			files = (
			);
			runOnlyForDeploymentPostprocessing = 0;
		};
/* End PBXFrameworksBuildPhase section */

/* Begin PBXGroup section */
		954A4EB92B3198C100FB6A4D /* View */ = {
			isa = PBXGroup;
			children = (
				957565742B2D713100415531 /* BookingView.swift */,
				956E16A82B2D71DB00261FD6 /* BookingHotel.swift */,
				956E16AA2B2D72EF00261FD6 /* BookingInfo.swift */,
				956E16AE2B2D7F2900261FD6 /* CustomerForm.swift */,
				956E16C82B2E156400261FD6 /* TouristForm.swift */,
				956E16D52B2F120500261FD6 /* AddTouristView.swift */,
				956E16E52B2F599000261FD6 /* InvoiceView.swift */,
			);
			path = View;
			sourceTree = "<group>";
		};
		954A4EBA2B3198D100FB6A4D /* ViewModel */ = {
			isa = PBXGroup;
			children = (
				954A4EBB2B3198E400FB6A4D /* BookingViewModel.swift */,
			);
			path = ViewModel;
			sourceTree = "<group>";
		};
		954A4EBF2B31E2CE00FB6A4D /* Hotel */ = {
			isa = PBXGroup;
			children = (
				954A4EC02B31E2EB00FB6A4D /* View */,
				954A4EC12B31E2F000FB6A4D /* ViewModel */,
			);
			path = Hotel;
			sourceTree = "<group>";
		};
		954A4EC02B31E2EB00FB6A4D /* View */ = {
			isa = PBXGroup;
			children = (
				9575653F2B2B8EF100415531 /* HotelView.swift */,
				9575654C2B2B9F1600415531 /* HotelThumbView.swift */,
				957565552B2C143E00415531 /* HotelAboutView.swift */,
				957565662B2C82A300415531 /* HotelServicesView.swift */,
			);
			path = View;
			sourceTree = "<group>";
		};
		954A4EC12B31E2F000FB6A4D /* ViewModel */ = {
			isa = PBXGroup;
			children = (
				954A4EC62B31E34B00FB6A4D /* HotelViewModel.swift */,
			);
			path = ViewModel;
			sourceTree = "<group>";
		};
		954A4EC22B31E30000FB6A4D /* ViewModel */ = {
			isa = PBXGroup;
			children = (
				954A4EC82B31E35800FB6A4D /* RoomsViewModel.swift */,
			);
			path = ViewModel;
			sourceTree = "<group>";
		};
		954A4EC32B31E30D00FB6A4D /* View */ = {
			isa = PBXGroup;
			children = (
				957565692B2CAA9B00415531 /* RoomsView.swift */,
				9575656B2B2CAC2F00415531 /* RoomView.swift */,
			);
			path = View;
			sourceTree = "<group>";
		};
		954A4EC42B31E32300FB6A4D /* View */ = {
			isa = PBXGroup;
			children = (
				95CC71652B30DD3F0002EF39 /* ReceiptView.swift */,
			);
			path = View;
			sourceTree = "<group>";
		};
		956E16B62B2D909A00261FD6 /* TextFields */ = {
			isa = PBXGroup;
			children = (
				956E16B42B2D85C000261FD6 /* WrapperTextField.swift */,
				956E16CC2B2E1A9F00261FD6 /* PersonalTextField.swift */,
				956E16CF2B2EF3D500261FD6 /* DatePickerField.swift */,
				95CC715E2B306F360002EF39 /* DateTextField.swift */,
				956E16B02B2D821C00261FD6 /* EmailTextField.swift */,
				956E16B22B2D839800261FD6 /* PhoneTextFiled.swift */,
			);
			path = TextFields;
			sourceTree = "<group>";
		};
		956E16D92B2F16B600261FD6 /* Subview */ = {
			isa = PBXGroup;
			children = (
				956E16EF2B30215900261FD6 /* Price */,
				956E16EE2B30213C00261FD6 /* Badge */,
				956E16ED2B30212E00261FD6 /* Tag */,
				956E16EC2B30211B00261FD6 /* ImageSlider */,
				956E16DA2B2F1D5C00261FD6 /* Buttons */,
				956E16B62B2D909A00261FD6 /* TextFields */,
				954A4ED12B32B99000FB6A4D /* Placeholder.swift */,
			);
			path = Subview;
			sourceTree = "<group>";
		};
		956E16DA2B2F1D5C00261FD6 /* Buttons */ = {
			isa = PBXGroup;
			children = (
				9575656D2B2CAF7900415531 /* NavigationButtonSecond.swift */,
				956E16D32B2F0FF400261FD6 /* ToggleButton.swift */,
				956E16D72B2F127800261FD6 /* WrapperButton.swift */,
			);
			path = Buttons;
			sourceTree = "<group>";
		};
		956E16EC2B30211B00261FD6 /* ImageSlider */ = {
			isa = PBXGroup;
			children = (
				957565412B2B8FB300415531 /* ImageSlider.swift */,
			);
			path = ImageSlider;
			sourceTree = "<group>";
		};
		956E16ED2B30212E00261FD6 /* Tag */ = {
			isa = PBXGroup;
			children = (
				957565592B2C1C1E00415531 /* TagsView.swift */,
				957565572B2C15F200415531 /* TagItem.swift */,
			);
			path = Tag;
			sourceTree = "<group>";
		};
		956E16EE2B30213C00261FD6 /* Badge */ = {
			isa = PBXGroup;
			children = (
				957565482B2B9A2600415531 /* HotelBudge.swift */,
			);
			path = Badge;
			sourceTree = "<group>";
		};
		956E16EF2B30215900261FD6 /* Price */ = {
			isa = PBXGroup;
			children = (
				9575656F2B2CB11700415531 /* PriceDescriptorView.swift */,
			);
			path = Price;
			sourceTree = "<group>";
		};
		9575650E2B2B7E0100415531 = {
			isa = PBXGroup;
			children = (
				957565192B2B7E0100415531 /* HotelBooking */,
				957565182B2B7E0100415531 /* Products */,
			);
			sourceTree = "<group>";
		};
		957565182B2B7E0100415531 /* Products */ = {
			isa = PBXGroup;
			children = (
				957565172B2B7E0100415531 /* HotelBooking.app */,
			);
			name = Products;
			sourceTree = "<group>";
		};
		957565192B2B7E0100415531 /* HotelBooking */ = {
			isa = PBXGroup;
			children = (
				9575651A2B2B7E0100415531 /* HotelBookingApp.swift */,
				957565712B2CCB7900415531 /* AppDelegate.swift */,
				9575651C2B2B7E0100415531 /* ContentView.swift */,
				95CC71672B31534D0002EF39 /* Coordiantor */,
				957565282B2B7F4100415531 /* Model */,
				9575653C2B2B8E0500415531 /* Flow */,
				957565512B2C106F00415531 /* Helpers */,
				9575653D2B2B8E4400415531 /* SupportingFiles */,
				957565202B2B7E0300415531 /* Preview Content */,
			);
			path = HotelBooking;
			sourceTree = "<group>";
		};
		957565202B2B7E0300415531 /* Preview Content */ = {
			isa = PBXGroup;
			children = (
				957565212B2B7E0300415531 /* Preview Assets.xcassets */,
			);
			path = "Preview Content";
			sourceTree = "<group>";
		};
		957565282B2B7F4100415531 /* Model */ = {
			isa = PBXGroup;
			children = (
				9575652E2B2B813300415531 /* Services */,
				9575652D2B2B811400415531 /* Entities */,
				9575654E2B2C0E3E00415531 /* FormatStyle */,
				95CC71592B3035190002EF39 /* PreferenceKey */,
			);
			path = Model;
			sourceTree = "<group>";
		};
		9575652D2B2B811400415531 /* Entities */ = {
			isa = PBXGroup;
			children = (
				957565292B2B7F5400415531 /* Hotel.swift */,
				957565362B2B899D00415531 /* Room.swift */,
				9575653A2B2B8BEB00415531 /* Booking.swift */,
				9575655D2B2C23A700415531 /* Service.swift */,
				956E16DF2B2F3ADF00261FD6 /* Tourist.swift */,
				956E16E12B2F3B4300261FD6 /* Customer.swift */,
			);
			path = Entities;
			sourceTree = "<group>";
		};
		9575652E2B2B813300415531 /* Services */ = {
			isa = PBXGroup;
			children = (
				9575652F2B2B813900415531 /* HotelService */,
			);
			path = Services;
			sourceTree = "<group>";
		};
		9575652F2B2B813900415531 /* HotelService */ = {
			isa = PBXGroup;
			children = (
				957565302B2B815800415531 /* HotelService.swift */,
				957565322B2B81AA00415531 /* HotelServiceError.swift */,
			);
			path = HotelService;
			sourceTree = "<group>";
		};
		9575653C2B2B8E0500415531 /* Flow */ = {
			isa = PBXGroup;
			children = (
				9575653E2B2B8E5E00415531 /* Hotel */,
			);
			path = Flow;
			sourceTree = "<group>";
		};
		9575653D2B2B8E4400415531 /* SupportingFiles */ = {
			isa = PBXGroup;
			children = (
				957565432B2B937400415531 /* Constants */,
				9575651E2B2B7E0300415531 /* Assets.xcassets */,
				9575652B2B2B7FAE00415531 /* PlaceholderHotel.json */,
				957565342B2B871800415531 /* PlaceholderRooms.json */,
				957565382B2B8BDD00415531 /* PlaceholderBooking.json */,
			);
			path = SupportingFiles;
			sourceTree = "<group>";
		};
		9575653E2B2B8E5E00415531 /* Hotel */ = {
			isa = PBXGroup;
			children = (
				95CC716F2B3154270002EF39 /* Router */,
				95CC71722B31570A0002EF39 /* Coordinator */,
				95CC716E2B31541B0002EF39 /* View */,
			);
			path = Hotel;
			sourceTree = "<group>";
		};
		957565432B2B937400415531 /* Constants */ = {
			isa = PBXGroup;
			children = (
				957565442B2B938600415531 /* AppGrid.swift */,
				956E16D12B2EFB8E00261FD6 /* AppCalendar.swift */,
				956E16AC2B2D798200261FD6 /* AppFormatter.swift */,
				957565462B2B94F500415531 /* AppFonts.swift */,
				9575654A2B2B9BB800415531 /* AppColors.swift */,
			);
			path = Constants;
			sourceTree = "<group>";
		};
		9575654E2B2C0E3E00415531 /* FormatStyle */ = {
			isa = PBXGroup;
			children = (
				9575654F2B2C0E9300415531 /* PriceFormatStyle.swift */,
				956E16E72B300D1C00261FD6 /* PhoneFormatStyle.swift */,
				95CC71622B3093F90002EF39 /* PhoneFormatter.swift */,
				956E16CA2B2E17E200261FD6 /* NumeralFormatStyle.swift */,
			);
			path = FormatStyle;
			sourceTree = "<group>";
		};
		957565512B2C106F00415531 /* Helpers */ = {
			isa = PBXGroup;
			children = (
				957565612B2C80AA00415531 /* Extension */,
				957565522B2C108B00415531 /* EnvironmentKey */,
			);
			path = Helpers;
			sourceTree = "<group>";
		};
		957565522B2C108B00415531 /* EnvironmentKey */ = {
			isa = PBXGroup;
			children = (
				957565532B2C109800415531 /* SafeAreaInsetsKey.swift */,
			);
			path = EnvironmentKey;
			sourceTree = "<group>";
		};
		957565612B2C80AA00415531 /* Extension */ = {
			isa = PBXGroup;
			children = (
				957565622B2C80BB00415531 /* EdgeBorder.swift */,
				954A4EBD2B319EE100FB6A4D /* ArrayBoolExtension.swift */,
				95CC71602B30781E0002EF39 /* DateExtension.swift */,
				956E16C52B2E088700261FD6 /* StringExtension.swift */,
				956E16DB2B2F310300261FD6 /* ReadSizeViewExtension.swift */,
				95CC715C2B303D4E0002EF39 /* KeyboardAvoiding.swift */,
			);
			path = Extension;
			sourceTree = "<group>";
		};
		957565682B2CAA8A00415531 /* Room */ = {
			isa = PBXGroup;
			children = (
				954A4EC32B31E30D00FB6A4D /* View */,
				954A4EC22B31E30000FB6A4D /* ViewModel */,
			);
			path = Room;
			sourceTree = "<group>";
		};
		957565732B2D712000415531 /* Booking */ = {
			isa = PBXGroup;
			children = (
				954A4EB92B3198C100FB6A4D /* View */,
				954A4EBA2B3198D100FB6A4D /* ViewModel */,
			);
			path = Booking;
			sourceTree = "<group>";
		};
		95CC71592B3035190002EF39 /* PreferenceKey */ = {
			isa = PBXGroup;
			children = (
				95CC715A2B3035250002EF39 /* ScreenSizePreferenceKey.swift */,
			);
			path = PreferenceKey;
			sourceTree = "<group>";
		};
		95CC71642B30DD000002EF39 /* Receipt */ = {
			isa = PBXGroup;
			children = (
				954A4EC42B31E32300FB6A4D /* View */,
			);
			path = Receipt;
			sourceTree = "<group>";
		};
		95CC71672B31534D0002EF39 /* Coordiantor */ = {
			isa = PBXGroup;
			children = (
				95CC71682B31535F0002EF39 /* Coordinator.swift */,
				95CC716A2B3153700002EF39 /* NavigationRouter.swift */,
				954A4ECD2B329C2900FB6A4D /* AppCooordinator.swift */,
				954A4ECF2B32B1A300FB6A4D /* AppError.swift */,
			);
			path = Coordiantor;
			sourceTree = "<group>";
		};
		95CC716E2B31541B0002EF39 /* View */ = {
			isa = PBXGroup;
			children = (
				954A4EBF2B31E2CE00FB6A4D /* Hotel */,
				957565682B2CAA8A00415531 /* Room */,
				957565732B2D712000415531 /* Booking */,
				95CC71642B30DD000002EF39 /* Receipt */,
				956E16D92B2F16B600261FD6 /* Subview */,
			);
			path = View;
			sourceTree = "<group>";
		};
		95CC716F2B3154270002EF39 /* Router */ = {
			isa = PBXGroup;
			children = (
				95CC71702B31543C0002EF39 /* HotelRouter.swift */,
			);
			path = Router;
			sourceTree = "<group>";
		};
		95CC71722B31570A0002EF39 /* Coordinator */ = {
			isa = PBXGroup;
			children = (
				95CC71732B3157200002EF39 /* HotelCoordinatorView.swift */,
			);
			path = Coordinator;
			sourceTree = "<group>";
		};
/* End PBXGroup section */

/* Begin PBXNativeTarget section */
		957565162B2B7E0100415531 /* HotelBooking */ = {
			isa = PBXNativeTarget;
			buildConfigurationList = 957565252B2B7E0300415531 /* Build configuration list for PBXNativeTarget "HotelBooking" */;
			buildPhases = (
				957565132B2B7E0100415531 /* Sources */,
				957565142B2B7E0100415531 /* Frameworks */,
				957565152B2B7E0100415531 /* Resources */,
			);
			buildRules = (
			);
			dependencies = (
			);
			name = HotelBooking;
			productName = HotelBooking;
			productReference = 957565172B2B7E0100415531 /* HotelBooking.app */;
			productType = "com.apple.product-type.application";
		};
/* End PBXNativeTarget section */

/* Begin PBXProject section */
		9575650F2B2B7E0100415531 /* Project object */ = {
			isa = PBXProject;
			attributes = {
				BuildIndependentTargetsInParallel = 1;
				LastSwiftUpdateCheck = 1500;
				LastUpgradeCheck = 1500;
				TargetAttributes = {
					957565162B2B7E0100415531 = {
						CreatedOnToolsVersion = 15.0.1;
					};
				};
			};
			buildConfigurationList = 957565122B2B7E0100415531 /* Build configuration list for PBXProject "HotelBooking" */;
			compatibilityVersion = "Xcode 14.0";
			developmentRegion = ru;
			hasScannedForEncodings = 0;
			knownRegions = (
				en,
				Base,
				ru,
			);
			mainGroup = 9575650E2B2B7E0100415531;
			productRefGroup = 957565182B2B7E0100415531 /* Products */;
			projectDirPath = "";
			projectRoot = "";
			targets = (
				957565162B2B7E0100415531 /* HotelBooking */,
			);
		};
/* End PBXProject section */

/* Begin PBXResourcesBuildPhase section */
		957565152B2B7E0100415531 /* Resources */ = {
			isa = PBXResourcesBuildPhase;
			buildActionMask = 2147483647;
			files = (
				957565352B2B871800415531 /* PlaceholderRooms.json in Resources */,
				957565392B2B8BDE00415531 /* PlaceholderBooking.json in Resources */,
				957565222B2B7E0300415531 /* Preview Assets.xcassets in Resources */,
				9575652C2B2B7FAE00415531 /* PlaceholderHotel.json in Resources */,
				9575651F2B2B7E0300415531 /* Assets.xcassets in Resources */,
			);
			runOnlyForDeploymentPostprocessing = 0;
		};
/* End PBXResourcesBuildPhase section */

/* Begin PBXSourcesBuildPhase section */
		957565132B2B7E0100415531 /* Sources */ = {
			isa = PBXSourcesBuildPhase;
			buildActionMask = 2147483647;
			files = (
				95CC71712B31543C0002EF39 /* HotelRouter.swift in Sources */,
				9575652A2B2B7F5400415531 /* Hotel.swift in Sources */,
				95CC71612B30781E0002EF39 /* DateExtension.swift in Sources */,
				956E16D82B2F127800261FD6 /* WrapperButton.swift in Sources */,
				957565332B2B81AA00415531 /* HotelServiceError.swift in Sources */,
				956E16AD2B2D798200261FD6 /* AppFormatter.swift in Sources */,
				956E16C92B2E156400261FD6 /* TouristForm.swift in Sources */,
				9575653B2B2B8BEB00415531 /* Booking.swift in Sources */,
				956E16D22B2EFB8E00261FD6 /* AppCalendar.swift in Sources */,
				957565722B2CCB7900415531 /* AppDelegate.swift in Sources */,
				956E16CD2B2E1A9F00261FD6 /* PersonalTextField.swift in Sources */,
				956E16A92B2D71DB00261FD6 /* BookingHotel.swift in Sources */,
				9575654B2B2B9BB800415531 /* AppColors.swift in Sources */,
				956E16B52B2D85C000261FD6 /* WrapperTextField.swift in Sources */,
				956E16CB2B2E17E200261FD6 /* NumeralFormatStyle.swift in Sources */,
				954A4EC72B31E34B00FB6A4D /* HotelViewModel.swift in Sources */,
				956E16D02B2EF3D500261FD6 /* DatePickerField.swift in Sources */,
				954A4ED02B32B1A300FB6A4D /* AppError.swift in Sources */,
				9575654D2B2B9F1600415531 /* HotelThumbView.swift in Sources */,
				95CC71662B30DD3F0002EF39 /* ReceiptView.swift in Sources */,
				95CC71742B3157200002EF39 /* HotelCoordinatorView.swift in Sources */,
				957565562B2C143E00415531 /* HotelAboutView.swift in Sources */,
				957565452B2B938600415531 /* AppGrid.swift in Sources */,
				957565372B2B899D00415531 /* Room.swift in Sources */,
				956E16E62B2F599000261FD6 /* InvoiceView.swift in Sources */,
				95CC71692B31535F0002EF39 /* Coordinator.swift in Sources */,
				9575655E2B2C23A700415531 /* Service.swift in Sources */,
				954A4EC92B31E35800FB6A4D /* RoomsViewModel.swift in Sources */,
				9575651D2B2B7E0100415531 /* ContentView.swift in Sources */,
				956E16D42B2F0FF400261FD6 /* ToggleButton.swift in Sources */,
				957565492B2B9A2700415531 /* HotelBudge.swift in Sources */,
				957565542B2C109800415531 /* SafeAreaInsetsKey.swift in Sources */,
				957565402B2B8EF100415531 /* HotelView.swift in Sources */,
				957565752B2D713100415531 /* BookingView.swift in Sources */,
				957565502B2C0E9300415531 /* PriceFormatStyle.swift in Sources */,
				957565702B2CB11700415531 /* PriceDescriptorView.swift in Sources */,
				9575655A2B2C1C1E00415531 /* TagsView.swift in Sources */,
				956E16AF2B2D7F2900261FD6 /* CustomerForm.swift in Sources */,
				957565312B2B815800415531 /* HotelService.swift in Sources */,
				957565472B2B94F500415531 /* AppFonts.swift in Sources */,
				956E16B12B2D821C00261FD6 /* EmailTextField.swift in Sources */,
				954A4ED22B32B99000FB6A4D /* Placeholder.swift in Sources */,
				954A4ECE2B329C2900FB6A4D /* AppCooordinator.swift in Sources */,
				95CC716B2B3153700002EF39 /* NavigationRouter.swift in Sources */,
				956E16E22B2F3B4300261FD6 /* Customer.swift in Sources */,
				957565422B2B8FB300415531 /* ImageSlider.swift in Sources */,
				95CC715D2B303D4E0002EF39 /* KeyboardAvoiding.swift in Sources */,
				957565632B2C80BC00415531 /* EdgeBorder.swift in Sources */,
				957565672B2C82A300415531 /* HotelServicesView.swift in Sources */,
				956E16E02B2F3ADF00261FD6 /* Tourist.swift in Sources */,
				956E16AB2B2D72EF00261FD6 /* BookingInfo.swift in Sources */,
				956E16E82B300D1C00261FD6 /* PhoneFormatStyle.swift in Sources */,
				9575656A2B2CAA9B00415531 /* RoomsView.swift in Sources */,
				95CC715B2B3035250002EF39 /* ScreenSizePreferenceKey.swift in Sources */,
				9575656C2B2CAC2F00415531 /* RoomView.swift in Sources */,
				956E16DC2B2F310300261FD6 /* ReadSizeViewExtension.swift in Sources */,
				95CC71632B3093F90002EF39 /* PhoneFormatter.swift in Sources */,
				954A4EBE2B319EE100FB6A4D /* ArrayBoolExtension.swift in Sources */,
				956E16B32B2D839900261FD6 /* PhoneTextFiled.swift in Sources */,
				956E16C62B2E088700261FD6 /* StringExtension.swift in Sources */,
				9575651B2B2B7E0100415531 /* HotelBookingApp.swift in Sources */,
				956E16D62B2F120500261FD6 /* AddTouristView.swift in Sources */,
				957565582B2C15F200415531 /* TagItem.swift in Sources */,
				954A4EBC2B3198E400FB6A4D /* BookingViewModel.swift in Sources */,
				95CC715F2B306F360002EF39 /* DateTextField.swift in Sources */,
				9575656E2B2CAF7900415531 /* NavigationButtonSecond.swift in Sources */,
			);
			runOnlyForDeploymentPostprocessing = 0;
		};
/* End PBXSourcesBuildPhase section */

/* Begin XCBuildConfiguration section */
		957565232B2B7E0300415531 /* Debug */ = {
			isa = XCBuildConfiguration;
			buildSettings = {
				ALWAYS_SEARCH_USER_PATHS = NO;
				ASSETCATALOG_COMPILER_GENERATE_SWIFT_ASSET_SYMBOL_EXTENSIONS = YES;
				CLANG_ANALYZER_NONNULL = YES;
				CLANG_ANALYZER_NUMBER_OBJECT_CONVERSION = YES_AGGRESSIVE;
				CLANG_CXX_LANGUAGE_STANDARD = "gnu++20";
				CLANG_ENABLE_MODULES = YES;
				CLANG_ENABLE_OBJC_ARC = YES;
				CLANG_ENABLE_OBJC_WEAK = YES;
				CLANG_WARN_BLOCK_CAPTURE_AUTORELEASING = YES;
				CLANG_WARN_BOOL_CONVERSION = YES;
				CLANG_WARN_COMMA = YES;
				CLANG_WARN_CONSTANT_CONVERSION = YES;
				CLANG_WARN_DEPRECATED_OBJC_IMPLEMENTATIONS = YES;
				CLANG_WARN_DIRECT_OBJC_ISA_USAGE = YES_ERROR;
				CLANG_WARN_DOCUMENTATION_COMMENTS = YES;
				CLANG_WARN_EMPTY_BODY = YES;
				CLANG_WARN_ENUM_CONVERSION = YES;
				CLANG_WARN_INFINITE_RECURSION = YES;
				CLANG_WARN_INT_CONVERSION = YES;
				CLANG_WARN_NON_LITERAL_NULL_CONVERSION = YES;
				CLANG_WARN_OBJC_IMPLICIT_RETAIN_SELF = YES;
				CLANG_WARN_OBJC_LITERAL_CONVERSION = YES;
				CLANG_WARN_OBJC_ROOT_CLASS = YES_ERROR;
				CLANG_WARN_QUOTED_INCLUDE_IN_FRAMEWORK_HEADER = YES;
				CLANG_WARN_RANGE_LOOP_ANALYSIS = YES;
				CLANG_WARN_STRICT_PROTOTYPES = YES;
				CLANG_WARN_SUSPICIOUS_MOVE = YES;
				CLANG_WARN_UNGUARDED_AVAILABILITY = YES_AGGRESSIVE;
				CLANG_WARN_UNREACHABLE_CODE = YES;
				CLANG_WARN__DUPLICATE_METHOD_MATCH = YES;
				COPY_PHASE_STRIP = NO;
				DEBUG_INFORMATION_FORMAT = dwarf;
				ENABLE_STRICT_OBJC_MSGSEND = YES;
				ENABLE_TESTABILITY = YES;
				ENABLE_USER_SCRIPT_SANDBOXING = YES;
				GCC_C_LANGUAGE_STANDARD = gnu17;
				GCC_DYNAMIC_NO_PIC = NO;
				GCC_NO_COMMON_BLOCKS = YES;
				GCC_OPTIMIZATION_LEVEL = 0;
				GCC_PREPROCESSOR_DEFINITIONS = (
					"DEBUG=1",
					"$(inherited)",
				);
				GCC_WARN_64_TO_32_BIT_CONVERSION = YES;
				GCC_WARN_ABOUT_RETURN_TYPE = YES_ERROR;
				GCC_WARN_UNDECLARED_SELECTOR = YES;
				GCC_WARN_UNINITIALIZED_AUTOS = YES_AGGRESSIVE;
				GCC_WARN_UNUSED_FUNCTION = YES;
				GCC_WARN_UNUSED_VARIABLE = YES;
				IPHONEOS_DEPLOYMENT_TARGET = 17.0;
				LOCALIZATION_PREFERS_STRING_CATALOGS = YES;
				MTL_ENABLE_DEBUG_INFO = INCLUDE_SOURCE;
				MTL_FAST_MATH = YES;
				ONLY_ACTIVE_ARCH = YES;
				SDKROOT = iphoneos;
				SWIFT_ACTIVE_COMPILATION_CONDITIONS = "DEBUG $(inherited)";
				SWIFT_OPTIMIZATION_LEVEL = "-Onone";
			};
			name = Debug;
		};
		957565242B2B7E0300415531 /* Release */ = {
			isa = XCBuildConfiguration;
			buildSettings = {
				ALWAYS_SEARCH_USER_PATHS = NO;
				ASSETCATALOG_COMPILER_GENERATE_SWIFT_ASSET_SYMBOL_EXTENSIONS = YES;
				CLANG_ANALYZER_NONNULL = YES;
				CLANG_ANALYZER_NUMBER_OBJECT_CONVERSION = YES_AGGRESSIVE;
				CLANG_CXX_LANGUAGE_STANDARD = "gnu++20";
				CLANG_ENABLE_MODULES = YES;
				CLANG_ENABLE_OBJC_ARC = YES;
				CLANG_ENABLE_OBJC_WEAK = YES;
				CLANG_WARN_BLOCK_CAPTURE_AUTORELEASING = YES;
				CLANG_WARN_BOOL_CONVERSION = YES;
				CLANG_WARN_COMMA = YES;
				CLANG_WARN_CONSTANT_CONVERSION = YES;
				CLANG_WARN_DEPRECATED_OBJC_IMPLEMENTATIONS = YES;
				CLANG_WARN_DIRECT_OBJC_ISA_USAGE = YES_ERROR;
				CLANG_WARN_DOCUMENTATION_COMMENTS = YES;
				CLANG_WARN_EMPTY_BODY = YES;
				CLANG_WARN_ENUM_CONVERSION = YES;
				CLANG_WARN_INFINITE_RECURSION = YES;
				CLANG_WARN_INT_CONVERSION = YES;
				CLANG_WARN_NON_LITERAL_NULL_CONVERSION = YES;
				CLANG_WARN_OBJC_IMPLICIT_RETAIN_SELF = YES;
				CLANG_WARN_OBJC_LITERAL_CONVERSION = YES;
				CLANG_WARN_OBJC_ROOT_CLASS = YES_ERROR;
				CLANG_WARN_QUOTED_INCLUDE_IN_FRAMEWORK_HEADER = YES;
				CLANG_WARN_RANGE_LOOP_ANALYSIS = YES;
				CLANG_WARN_STRICT_PROTOTYPES = YES;
				CLANG_WARN_SUSPICIOUS_MOVE = YES;
				CLANG_WARN_UNGUARDED_AVAILABILITY = YES_AGGRESSIVE;
				CLANG_WARN_UNREACHABLE_CODE = YES;
				CLANG_WARN__DUPLICATE_METHOD_MATCH = YES;
				COPY_PHASE_STRIP = NO;
				DEBUG_INFORMATION_FORMAT = "dwarf-with-dsym";
				ENABLE_NS_ASSERTIONS = NO;
				ENABLE_STRICT_OBJC_MSGSEND = YES;
				ENABLE_USER_SCRIPT_SANDBOXING = YES;
				GCC_C_LANGUAGE_STANDARD = gnu17;
				GCC_NO_COMMON_BLOCKS = YES;
				GCC_WARN_64_TO_32_BIT_CONVERSION = YES;
				GCC_WARN_ABOUT_RETURN_TYPE = YES_ERROR;
				GCC_WARN_UNDECLARED_SELECTOR = YES;
				GCC_WARN_UNINITIALIZED_AUTOS = YES_AGGRESSIVE;
				GCC_WARN_UNUSED_FUNCTION = YES;
				GCC_WARN_UNUSED_VARIABLE = YES;
				IPHONEOS_DEPLOYMENT_TARGET = 17.0;
				LOCALIZATION_PREFERS_STRING_CATALOGS = YES;
				MTL_ENABLE_DEBUG_INFO = NO;
				MTL_FAST_MATH = YES;
				SDKROOT = iphoneos;
				SWIFT_COMPILATION_MODE = wholemodule;
				VALIDATE_PRODUCT = YES;
			};
			name = Release;
		};
		957565262B2B7E0300415531 /* Debug */ = {
			isa = XCBuildConfiguration;
			buildSettings = {
				ASSETCATALOG_COMPILER_APPICON_NAME = AppIcon;
				ASSETCATALOG_COMPILER_GLOBAL_ACCENT_COLOR_NAME = AccentColor;
				CODE_SIGN_STYLE = Automatic;
				CURRENT_PROJECT_VERSION = 1;
				DEVELOPMENT_ASSET_PATHS = "\"HotelBooking/Preview Content\"";
				DEVELOPMENT_TEAM = TNTX3799P3;
				ENABLE_PREVIEWS = YES;
				GENERATE_INFOPLIST_FILE = YES;
				INFOPLIST_KEY_UIApplicationSceneManifest_Generation = YES;
				INFOPLIST_KEY_UIApplicationSupportsIndirectInputEvents = YES;
				INFOPLIST_KEY_UILaunchScreen_Generation = YES;
				INFOPLIST_KEY_UISupportedInterfaceOrientations = UIInterfaceOrientationPortrait;
				LD_RUNPATH_SEARCH_PATHS = (
					"$(inherited)",
					"@executable_path/Frameworks",
				);
				MARKETING_VERSION = 1.0;
				PRODUCT_BUNDLE_IDENTIFIER = DenisDmitriev.HotelBooking;
				PRODUCT_NAME = "$(TARGET_NAME)";
				SUPPORTED_PLATFORMS = "iphoneos iphonesimulator";
				SUPPORTS_MACCATALYST = NO;
				SUPPORTS_MAC_DESIGNED_FOR_IPHONE_IPAD = NO;
				SWIFT_EMIT_LOC_STRINGS = YES;
				SWIFT_VERSION = 5.0;
				TARGETED_DEVICE_FAMILY = "1,2";
			};
			name = Debug;
		};
		957565272B2B7E0300415531 /* Release */ = {
			isa = XCBuildConfiguration;
			buildSettings = {
				ASSETCATALOG_COMPILER_APPICON_NAME = AppIcon;
				ASSETCATALOG_COMPILER_GLOBAL_ACCENT_COLOR_NAME = AccentColor;
				CODE_SIGN_STYLE = Automatic;
				CURRENT_PROJECT_VERSION = 1;
				DEVELOPMENT_ASSET_PATHS = "\"HotelBooking/Preview Content\"";
				DEVELOPMENT_TEAM = TNTX3799P3;
				ENABLE_PREVIEWS = YES;
				GENERATE_INFOPLIST_FILE = YES;
				INFOPLIST_KEY_UIApplicationSceneManifest_Generation = YES;
				INFOPLIST_KEY_UIApplicationSupportsIndirectInputEvents = YES;
				INFOPLIST_KEY_UILaunchScreen_Generation = YES;
				INFOPLIST_KEY_UISupportedInterfaceOrientations = UIInterfaceOrientationPortrait;
				LD_RUNPATH_SEARCH_PATHS = (
					"$(inherited)",
					"@executable_path/Frameworks",
				);
				MARKETING_VERSION = 1.0;
				PRODUCT_BUNDLE_IDENTIFIER = DenisDmitriev.HotelBooking;
				PRODUCT_NAME = "$(TARGET_NAME)";
				SUPPORTED_PLATFORMS = "iphoneos iphonesimulator";
				SUPPORTS_MACCATALYST = NO;
				SUPPORTS_MAC_DESIGNED_FOR_IPHONE_IPAD = NO;
				SWIFT_EMIT_LOC_STRINGS = YES;
				SWIFT_VERSION = 5.0;
				TARGETED_DEVICE_FAMILY = "1,2";
			};
			name = Release;
		};
/* End XCBuildConfiguration section */

/* Begin XCConfigurationList section */
		957565122B2B7E0100415531 /* Build configuration list for PBXProject "HotelBooking" */ = {
			isa = XCConfigurationList;
			buildConfigurations = (
				957565232B2B7E0300415531 /* Debug */,
				957565242B2B7E0300415531 /* Release */,
			);
			defaultConfigurationIsVisible = 0;
			defaultConfigurationName = Release;
		};
		957565252B2B7E0300415531 /* Build configuration list for PBXNativeTarget "HotelBooking" */ = {
			isa = XCConfigurationList;
			buildConfigurations = (
				957565262B2B7E0300415531 /* Debug */,
				957565272B2B7E0300415531 /* Release */,
			);
			defaultConfigurationIsVisible = 0;
			defaultConfigurationName = Release;
		};
/* End XCConfigurationList section */
	};
	rootObject = 9575650F2B2B7E0100415531 /* Project object */;
}
