// !$*UTF8*$!
{
	archiveVersion = 1;
	classes = {
	};
	objectVersion = 56;
	objects = {

/* Begin PBXBuildFile section */
		9575651B2B2B7E0100415531 /* HotelBookingApp.swift in Sources */ = {isa = PBXBuildFile; fileRef = 9575651A2B2B7E0100415531 /* HotelBookingApp.swift */; };
		9575651D2B2B7E0100415531 /* ContentView.swift in Sources */ = {isa = PBXBuildFile; fileRef = 9575651C2B2B7E0100415531 /* ContentView.swift */; };
		9575651F2B2B7E0300415531 /* Assets.xcassets in Resources */ = {isa = PBXBuildFile; fileRef = 9575651E2B2B7E0300415531 /* Assets.xcassets */; };
		957565222B2B7E0300415531 /* Preview Assets.xcassets in Resources */ = {isa = PBXBuildFile; fileRef = 957565212B2B7E0300415531 /* Preview Assets.xcassets */; };
		9575652A2B2B7F5400415531 /* Hotel.swift in Sources */ = {isa = PBXBuildFile; fileRef = 957565292B2B7F5400415531 /* Hotel.swift */; };
		9575652C2B2B7FAE00415531 /* PlaceholderHotel.json in Resources */ = {isa = PBXBuildFile; fileRef = 9575652B2B2B7FAE00415531 /* PlaceholderHotel.json */; };
		957565312B2B815800415531 /* HotelService.swift in Sources */ = {isa = PBXBuildFile; fileRef = 957565302B2B815800415531 /* HotelService.swift */; };
		957565332B2B81AA00415531 /* HotelServiceError.swift in Sources */ = {isa = PBXBuildFile; fileRef = 957565322B2B81AA00415531 /* HotelServiceError.swift */; };
		957565352B2B871800415531 /* PlaceholderRooms.json in Resources */ = {isa = PBXBuildFile; fileRef = 957565342B2B871800415531 /* PlaceholderRooms.json */; };
		957565372B2B899D00415531 /* Room.swift in Sources */ = {isa = PBXBuildFile; fileRef = 957565362B2B899D00415531 /* Room.swift */; };
		957565392B2B8BDE00415531 /* PlaceholderBooking.json in Resources */ = {isa = PBXBuildFile; fileRef = 957565382B2B8BDD00415531 /* PlaceholderBooking.json */; };
		9575653B2B2B8BEB00415531 /* Booking.swift in Sources */ = {isa = PBXBuildFile; fileRef = 9575653A2B2B8BEB00415531 /* Booking.swift */; };
		957565402B2B8EF100415531 /* HotelView.swift in Sources */ = {isa = PBXBuildFile; fileRef = 9575653F2B2B8EF100415531 /* HotelView.swift */; };
		957565422B2B8FB300415531 /* ImageSlider.swift in Sources */ = {isa = PBXBuildFile; fileRef = 957565412B2B8FB300415531 /* ImageSlider.swift */; };
		957565452B2B938600415531 /* AppGrid.swift in Sources */ = {isa = PBXBuildFile; fileRef = 957565442B2B938600415531 /* AppGrid.swift */; };
		957565472B2B94F500415531 /* AppFonts.swift in Sources */ = {isa = PBXBuildFile; fileRef = 957565462B2B94F500415531 /* AppFonts.swift */; };
		957565492B2B9A2700415531 /* HotelBudge.swift in Sources */ = {isa = PBXBuildFile; fileRef = 957565482B2B9A2600415531 /* HotelBudge.swift */; };
		9575654B2B2B9BB800415531 /* AppColors.swift in Sources */ = {isa = PBXBuildFile; fileRef = 9575654A2B2B9BB800415531 /* AppColors.swift */; };
		9575654D2B2B9F1600415531 /* HotelThumbView.swift in Sources */ = {isa = PBXBuildFile; fileRef = 9575654C2B2B9F1600415531 /* HotelThumbView.swift */; };
		957565502B2C0E9300415531 /* PriceFormatStyle.swift in Sources */ = {isa = PBXBuildFile; fileRef = 9575654F2B2C0E9300415531 /* PriceFormatStyle.swift */; };
		957565542B2C109800415531 /* SafeAreaInsetsKey.swift in Sources */ = {isa = PBXBuildFile; fileRef = 957565532B2C109800415531 /* SafeAreaInsetsKey.swift */; };
		957565562B2C143E00415531 /* HotelAboutView.swift in Sources */ = {isa = PBXBuildFile; fileRef = 957565552B2C143E00415531 /* HotelAboutView.swift */; };
		957565582B2C15F200415531 /* TagItem.swift in Sources */ = {isa = PBXBuildFile; fileRef = 957565572B2C15F200415531 /* TagItem.swift */; };
		9575655A2B2C1C1E00415531 /* TagsView.swift in Sources */ = {isa = PBXBuildFile; fileRef = 957565592B2C1C1E00415531 /* TagsView.swift */; };
		9575655E2B2C23A700415531 /* Service.swift in Sources */ = {isa = PBXBuildFile; fileRef = 9575655D2B2C23A700415531 /* Service.swift */; };
		957565602B2C3B0F00415531 /* NavigationButton.swift in Sources */ = {isa = PBXBuildFile; fileRef = 9575655F2B2C3B0F00415531 /* NavigationButton.swift */; };
		957565632B2C80BC00415531 /* EdgeBorder.swift in Sources */ = {isa = PBXBuildFile; fileRef = 957565622B2C80BB00415531 /* EdgeBorder.swift */; };
		957565672B2C82A300415531 /* HotelServicesView.swift in Sources */ = {isa = PBXBuildFile; fileRef = 957565662B2C82A300415531 /* HotelServicesView.swift */; };
		9575656A2B2CAA9B00415531 /* RoomsView.swift in Sources */ = {isa = PBXBuildFile; fileRef = 957565692B2CAA9B00415531 /* RoomsView.swift */; };
		9575656C2B2CAC2F00415531 /* RoomView.swift in Sources */ = {isa = PBXBuildFile; fileRef = 9575656B2B2CAC2F00415531 /* RoomView.swift */; };
		9575656E2B2CAF7900415531 /* NavigationButtonSecond.swift in Sources */ = {isa = PBXBuildFile; fileRef = 9575656D2B2CAF7900415531 /* NavigationButtonSecond.swift */; };
		957565702B2CB11700415531 /* PriceDescriptorView.swift in Sources */ = {isa = PBXBuildFile; fileRef = 9575656F2B2CB11700415531 /* PriceDescriptorView.swift */; };
		957565722B2CCB7900415531 /* AppDelegate.swift in Sources */ = {isa = PBXBuildFile; fileRef = 957565712B2CCB7900415531 /* AppDelegate.swift */; };
/* End PBXBuildFile section */

/* Begin PBXFileReference section */
		957565172B2B7E0100415531 /* HotelBooking.app */ = {isa = PBXFileReference; explicitFileType = wrapper.application; includeInIndex = 0; path = HotelBooking.app; sourceTree = BUILT_PRODUCTS_DIR; };
		9575651A2B2B7E0100415531 /* HotelBookingApp.swift */ = {isa = PBXFileReference; lastKnownFileType = sourcecode.swift; path = HotelBookingApp.swift; sourceTree = "<group>"; };
		9575651C2B2B7E0100415531 /* ContentView.swift */ = {isa = PBXFileReference; lastKnownFileType = sourcecode.swift; path = ContentView.swift; sourceTree = "<group>"; };
		9575651E2B2B7E0300415531 /* Assets.xcassets */ = {isa = PBXFileReference; lastKnownFileType = folder.assetcatalog; path = Assets.xcassets; sourceTree = "<group>"; };
		957565212B2B7E0300415531 /* Preview Assets.xcassets */ = {isa = PBXFileReference; lastKnownFileType = folder.assetcatalog; path = "Preview Assets.xcassets"; sourceTree = "<group>"; };
		957565292B2B7F5400415531 /* Hotel.swift */ = {isa = PBXFileReference; lastKnownFileType = sourcecode.swift; path = Hotel.swift; sourceTree = "<group>"; };
		9575652B2B2B7FAE00415531 /* PlaceholderHotel.json */ = {isa = PBXFileReference; fileEncoding = 4; lastKnownFileType = text.json; path = PlaceholderHotel.json; sourceTree = "<group>"; };
		957565302B2B815800415531 /* HotelService.swift */ = {isa = PBXFileReference; lastKnownFileType = sourcecode.swift; path = HotelService.swift; sourceTree = "<group>"; };
		957565322B2B81AA00415531 /* HotelServiceError.swift */ = {isa = PBXFileReference; lastKnownFileType = sourcecode.swift; path = HotelServiceError.swift; sourceTree = "<group>"; };
		957565342B2B871800415531 /* PlaceholderRooms.json */ = {isa = PBXFileReference; fileEncoding = 4; lastKnownFileType = text.json; path = PlaceholderRooms.json; sourceTree = "<group>"; };
		957565362B2B899D00415531 /* Room.swift */ = {isa = PBXFileReference; lastKnownFileType = sourcecode.swift; path = Room.swift; sourceTree = "<group>"; };
		957565382B2B8BDD00415531 /* PlaceholderBooking.json */ = {isa = PBXFileReference; fileEncoding = 4; lastKnownFileType = text.json; path = PlaceholderBooking.json; sourceTree = "<group>"; };
		9575653A2B2B8BEB00415531 /* Booking.swift */ = {isa = PBXFileReference; lastKnownFileType = sourcecode.swift; path = Booking.swift; sourceTree = "<group>"; };
		9575653F2B2B8EF100415531 /* HotelView.swift */ = {isa = PBXFileReference; lastKnownFileType = sourcecode.swift; path = HotelView.swift; sourceTree = "<group>"; };
		957565412B2B8FB300415531 /* ImageSlider.swift */ = {isa = PBXFileReference; lastKnownFileType = sourcecode.swift; path = ImageSlider.swift; sourceTree = "<group>"; };
		957565442B2B938600415531 /* AppGrid.swift */ = {isa = PBXFileReference; lastKnownFileType = sourcecode.swift; path = AppGrid.swift; sourceTree = "<group>"; };
		957565462B2B94F500415531 /* AppFonts.swift */ = {isa = PBXFileReference; lastKnownFileType = sourcecode.swift; path = AppFonts.swift; sourceTree = "<group>"; };
		957565482B2B9A2600415531 /* HotelBudge.swift */ = {isa = PBXFileReference; lastKnownFileType = sourcecode.swift; path = HotelBudge.swift; sourceTree = "<group>"; };
		9575654A2B2B9BB800415531 /* AppColors.swift */ = {isa = PBXFileReference; lastKnownFileType = sourcecode.swift; path = AppColors.swift; sourceTree = "<group>"; };
		9575654C2B2B9F1600415531 /* HotelThumbView.swift */ = {isa = PBXFileReference; lastKnownFileType = sourcecode.swift; path = HotelThumbView.swift; sourceTree = "<group>"; };
		9575654F2B2C0E9300415531 /* PriceFormatStyle.swift */ = {isa = PBXFileReference; lastKnownFileType = sourcecode.swift; path = PriceFormatStyle.swift; sourceTree = "<group>"; };
		957565532B2C109800415531 /* SafeAreaInsetsKey.swift */ = {isa = PBXFileReference; lastKnownFileType = sourcecode.swift; path = SafeAreaInsetsKey.swift; sourceTree = "<group>"; };
		957565552B2C143E00415531 /* HotelAboutView.swift */ = {isa = PBXFileReference; lastKnownFileType = sourcecode.swift; path = HotelAboutView.swift; sourceTree = "<group>"; };
		957565572B2C15F200415531 /* TagItem.swift */ = {isa = PBXFileReference; lastKnownFileType = sourcecode.swift; path = TagItem.swift; sourceTree = "<group>"; };
		957565592B2C1C1E00415531 /* TagsView.swift */ = {isa = PBXFileReference; lastKnownFileType = sourcecode.swift; path = TagsView.swift; sourceTree = "<group>"; };
		9575655D2B2C23A700415531 /* Service.swift */ = {isa = PBXFileReference; lastKnownFileType = sourcecode.swift; path = Service.swift; sourceTree = "<group>"; };
		9575655F2B2C3B0F00415531 /* NavigationButton.swift */ = {isa = PBXFileReference; lastKnownFileType = sourcecode.swift; path = NavigationButton.swift; sourceTree = "<group>"; };
		957565622B2C80BB00415531 /* EdgeBorder.swift */ = {isa = PBXFileReference; lastKnownFileType = sourcecode.swift; path = EdgeBorder.swift; sourceTree = "<group>"; };
		957565662B2C82A300415531 /* HotelServicesView.swift */ = {isa = PBXFileReference; lastKnownFileType = sourcecode.swift; path = HotelServicesView.swift; sourceTree = "<group>"; };
		957565692B2CAA9B00415531 /* RoomsView.swift */ = {isa = PBXFileReference; lastKnownFileType = sourcecode.swift; path = RoomsView.swift; sourceTree = "<group>"; };
		9575656B2B2CAC2F00415531 /* RoomView.swift */ = {isa = PBXFileReference; lastKnownFileType = sourcecode.swift; path = RoomView.swift; sourceTree = "<group>"; };
		9575656D2B2CAF7900415531 /* NavigationButtonSecond.swift */ = {isa = PBXFileReference; lastKnownFileType = sourcecode.swift; path = NavigationButtonSecond.swift; sourceTree = "<group>"; };
		9575656F2B2CB11700415531 /* PriceDescriptorView.swift */ = {isa = PBXFileReference; lastKnownFileType = sourcecode.swift; path = PriceDescriptorView.swift; sourceTree = "<group>"; };
		957565712B2CCB7900415531 /* AppDelegate.swift */ = {isa = PBXFileReference; lastKnownFileType = sourcecode.swift; path = AppDelegate.swift; sourceTree = "<group>"; };
/* End PBXFileReference section */

/* Begin PBXFrameworksBuildPhase section */
		957565142B2B7E0100415531 /* Frameworks */ = {
			isa = PBXFrameworksBuildPhase;
			buildActionMask = 2147483647;
			files = (
			);
			runOnlyForDeploymentPostprocessing = 0;
		};
/* End PBXFrameworksBuildPhase section */

/* Begin PBXGroup section */
		9575650E2B2B7E0100415531 = {
			isa = PBXGroup;
			children = (
				957565192B2B7E0100415531 /* HotelBooking */,
				957565182B2B7E0100415531 /* Products */,
			);
			sourceTree = "<group>";
		};
		957565182B2B7E0100415531 /* Products */ = {
			isa = PBXGroup;
			children = (
				957565172B2B7E0100415531 /* HotelBooking.app */,
			);
			name = Products;
			sourceTree = "<group>";
		};
		957565192B2B7E0100415531 /* HotelBooking */ = {
			isa = PBXGroup;
			children = (
				9575651A2B2B7E0100415531 /* HotelBookingApp.swift */,
				9575651C2B2B7E0100415531 /* ContentView.swift */,
				957565712B2CCB7900415531 /* AppDelegate.swift */,
				9575653C2B2B8E0500415531 /* Flow */,
				957565282B2B7F4100415531 /* Model */,
				957565512B2C106F00415531 /* Helpers */,
				9575653D2B2B8E4400415531 /* SupportingFiles */,
				957565202B2B7E0300415531 /* Preview Content */,
			);
			path = HotelBooking;
			sourceTree = "<group>";
		};
		957565202B2B7E0300415531 /* Preview Content */ = {
			isa = PBXGroup;
			children = (
				957565212B2B7E0300415531 /* Preview Assets.xcassets */,
			);
			path = "Preview Content";
			sourceTree = "<group>";
		};
		957565282B2B7F4100415531 /* Model */ = {
			isa = PBXGroup;
			children = (
				9575652E2B2B813300415531 /* Services */,
				9575652D2B2B811400415531 /* Entities */,
				9575654E2B2C0E3E00415531 /* FormatStyle */,
			);
			path = Model;
			sourceTree = "<group>";
		};
		9575652D2B2B811400415531 /* Entities */ = {
			isa = PBXGroup;
			children = (
				957565292B2B7F5400415531 /* Hotel.swift */,
				957565362B2B899D00415531 /* Room.swift */,
				9575653A2B2B8BEB00415531 /* Booking.swift */,
				9575655D2B2C23A700415531 /* Service.swift */,
			);
			path = Entities;
			sourceTree = "<group>";
		};
		9575652E2B2B813300415531 /* Services */ = {
			isa = PBXGroup;
			children = (
				9575652F2B2B813900415531 /* HotelService */,
			);
			path = Services;
			sourceTree = "<group>";
		};
		9575652F2B2B813900415531 /* HotelService */ = {
			isa = PBXGroup;
			children = (
				957565302B2B815800415531 /* HotelService.swift */,
				957565322B2B81AA00415531 /* HotelServiceError.swift */,
			);
			path = HotelService;
			sourceTree = "<group>";
		};
		9575653C2B2B8E0500415531 /* Flow */ = {
			isa = PBXGroup;
			children = (
				9575653E2B2B8E5E00415531 /* Hotel */,
				957565682B2CAA8A00415531 /* Room */,
			);
			path = Flow;
			sourceTree = "<group>";
		};
		9575653D2B2B8E4400415531 /* SupportingFiles */ = {
			isa = PBXGroup;
			children = (
				957565432B2B937400415531 /* Constants */,
				9575651E2B2B7E0300415531 /* Assets.xcassets */,
				9575652B2B2B7FAE00415531 /* PlaceholderHotel.json */,
				957565342B2B871800415531 /* PlaceholderRooms.json */,
				957565382B2B8BDD00415531 /* PlaceholderBooking.json */,
			);
			path = SupportingFiles;
			sourceTree = "<group>";
		};
		9575653E2B2B8E5E00415531 /* Hotel */ = {
			isa = PBXGroup;
			children = (
				9575653F2B2B8EF100415531 /* HotelView.swift */,
				9575654C2B2B9F1600415531 /* HotelThumbView.swift */,
				957565552B2C143E00415531 /* HotelAboutView.swift */,
				957565592B2C1C1E00415531 /* TagsView.swift */,
				957565662B2C82A300415531 /* HotelServicesView.swift */,
				957565572B2C15F200415531 /* TagItem.swift */,
				9575655F2B2C3B0F00415531 /* NavigationButton.swift */,
				957565412B2B8FB300415531 /* ImageSlider.swift */,
				957565482B2B9A2600415531 /* HotelBudge.swift */,
			);
			path = Hotel;
			sourceTree = "<group>";
		};
		957565432B2B937400415531 /* Constants */ = {
			isa = PBXGroup;
			children = (
				957565442B2B938600415531 /* AppGrid.swift */,
				957565462B2B94F500415531 /* AppFonts.swift */,
				9575654A2B2B9BB800415531 /* AppColors.swift */,
			);
			path = Constants;
			sourceTree = "<group>";
		};
		9575654E2B2C0E3E00415531 /* FormatStyle */ = {
			isa = PBXGroup;
			children = (
				9575654F2B2C0E9300415531 /* PriceFormatStyle.swift */,
			);
			path = FormatStyle;
			sourceTree = "<group>";
		};
		957565512B2C106F00415531 /* Helpers */ = {
			isa = PBXGroup;
			children = (
				957565612B2C80AA00415531 /* Extension */,
				957565522B2C108B00415531 /* EnvironmentKey */,
			);
			path = Helpers;
			sourceTree = "<group>";
		};
		957565522B2C108B00415531 /* EnvironmentKey */ = {
			isa = PBXGroup;
			children = (
				957565532B2C109800415531 /* SafeAreaInsetsKey.swift */,
			);
			path = EnvironmentKey;
			sourceTree = "<group>";
		};
		957565612B2C80AA00415531 /* Extension */ = {
			isa = PBXGroup;
			children = (
				957565622B2C80BB00415531 /* EdgeBorder.swift */,
			);
			path = Extension;
			sourceTree = "<group>";
		};
		957565682B2CAA8A00415531 /* Room */ = {
			isa = PBXGroup;
			children = (
				957565692B2CAA9B00415531 /* RoomsView.swift */,
				9575656B2B2CAC2F00415531 /* RoomView.swift */,
				9575656F2B2CB11700415531 /* PriceDescriptorView.swift */,
				9575656D2B2CAF7900415531 /* NavigationButtonSecond.swift */,
			);
			path = Room;
			sourceTree = "<group>";
		};
/* End PBXGroup section */

/* Begin PBXNativeTarget section */
		957565162B2B7E0100415531 /* HotelBooking */ = {
			isa = PBXNativeTarget;
			buildConfigurationList = 957565252B2B7E0300415531 /* Build configuration list for PBXNativeTarget "HotelBooking" */;
			buildPhases = (
				957565132B2B7E0100415531 /* Sources */,
				957565142B2B7E0100415531 /* Frameworks */,
				957565152B2B7E0100415531 /* Resources */,
			);
			buildRules = (
			);
			dependencies = (
			);
			name = HotelBooking;
			productName = HotelBooking;
			productReference = 957565172B2B7E0100415531 /* HotelBooking.app */;
			productType = "com.apple.product-type.application";
		};
/* End PBXNativeTarget section */

/* Begin PBXProject section */
		9575650F2B2B7E0100415531 /* Project object */ = {
			isa = PBXProject;
			attributes = {
				BuildIndependentTargetsInParallel = 1;
				LastSwiftUpdateCheck = 1500;
				LastUpgradeCheck = 1500;
				TargetAttributes = {
					957565162B2B7E0100415531 = {
						CreatedOnToolsVersion = 15.0.1;
					};
				};
			};
			buildConfigurationList = 957565122B2B7E0100415531 /* Build configuration list for PBXProject "HotelBooking" */;
			compatibilityVersion = "Xcode 14.0";
			developmentRegion = en;
			hasScannedForEncodings = 0;
			knownRegions = (
				en,
				Base,
			);
			mainGroup = 9575650E2B2B7E0100415531;
			productRefGroup = 957565182B2B7E0100415531 /* Products */;
			projectDirPath = "";
			projectRoot = "";
			targets = (
				957565162B2B7E0100415531 /* HotelBooking */,
			);
		};
/* End PBXProject section */

/* Begin PBXResourcesBuildPhase section */
		957565152B2B7E0100415531 /* Resources */ = {
			isa = PBXResourcesBuildPhase;
			buildActionMask = 2147483647;
			files = (
				957565352B2B871800415531 /* PlaceholderRooms.json in Resources */,
				957565392B2B8BDE00415531 /* PlaceholderBooking.json in Resources */,
				957565222B2B7E0300415531 /* Preview Assets.xcassets in Resources */,
				9575652C2B2B7FAE00415531 /* PlaceholderHotel.json in Resources */,
				9575651F2B2B7E0300415531 /* Assets.xcassets in Resources */,
			);
			runOnlyForDeploymentPostprocessing = 0;
		};
/* End PBXResourcesBuildPhase section */

/* Begin PBXSourcesBuildPhase section */
		957565132B2B7E0100415531 /* Sources */ = {
			isa = PBXSourcesBuildPhase;
			buildActionMask = 2147483647;
			files = (
				9575652A2B2B7F5400415531 /* Hotel.swift in Sources */,
				957565332B2B81AA00415531 /* HotelServiceError.swift in Sources */,
				9575653B2B2B8BEB00415531 /* Booking.swift in Sources */,
				957565602B2C3B0F00415531 /* NavigationButton.swift in Sources */,
				957565722B2CCB7900415531 /* AppDelegate.swift in Sources */,
				9575654B2B2B9BB800415531 /* AppColors.swift in Sources */,
				9575654D2B2B9F1600415531 /* HotelThumbView.swift in Sources */,
				957565562B2C143E00415531 /* HotelAboutView.swift in Sources */,
				957565452B2B938600415531 /* AppGrid.swift in Sources */,
				957565372B2B899D00415531 /* Room.swift in Sources */,
				9575655E2B2C23A700415531 /* Service.swift in Sources */,
				9575651D2B2B7E0100415531 /* ContentView.swift in Sources */,
				957565492B2B9A2700415531 /* HotelBudge.swift in Sources */,
				957565542B2C109800415531 /* SafeAreaInsetsKey.swift in Sources */,
				957565402B2B8EF100415531 /* HotelView.swift in Sources */,
				957565502B2C0E9300415531 /* PriceFormatStyle.swift in Sources */,
				957565702B2CB11700415531 /* PriceDescriptorView.swift in Sources */,
				9575655A2B2C1C1E00415531 /* TagsView.swift in Sources */,
				957565312B2B815800415531 /* HotelService.swift in Sources */,
				957565472B2B94F500415531 /* AppFonts.swift in Sources */,
				957565422B2B8FB300415531 /* ImageSlider.swift in Sources */,
				957565632B2C80BC00415531 /* EdgeBorder.swift in Sources */,
				957565672B2C82A300415531 /* HotelServicesView.swift in Sources */,
				9575656A2B2CAA9B00415531 /* RoomsView.swift in Sources */,
				9575656C2B2CAC2F00415531 /* RoomView.swift in Sources */,
				9575651B2B2B7E0100415531 /* HotelBookingApp.swift in Sources */,
				957565582B2C15F200415531 /* TagItem.swift in Sources */,
				9575656E2B2CAF7900415531 /* NavigationButtonSecond.swift in Sources */,
			);
			runOnlyForDeploymentPostprocessing = 0;
		};
/* End PBXSourcesBuildPhase section */

/* Begin XCBuildConfiguration section */
		957565232B2B7E0300415531 /* Debug */ = {
			isa = XCBuildConfiguration;
			buildSettings = {
				ALWAYS_SEARCH_USER_PATHS = NO;
				ASSETCATALOG_COMPILER_GENERATE_SWIFT_ASSET_SYMBOL_EXTENSIONS = YES;
				CLANG_ANALYZER_NONNULL = YES;
				CLANG_ANALYZER_NUMBER_OBJECT_CONVERSION = YES_AGGRESSIVE;
				CLANG_CXX_LANGUAGE_STANDARD = "gnu++20";
				CLANG_ENABLE_MODULES = YES;
				CLANG_ENABLE_OBJC_ARC = YES;
				CLANG_ENABLE_OBJC_WEAK = YES;
				CLANG_WARN_BLOCK_CAPTURE_AUTORELEASING = YES;
				CLANG_WARN_BOOL_CONVERSION = YES;
				CLANG_WARN_COMMA = YES;
				CLANG_WARN_CONSTANT_CONVERSION = YES;
				CLANG_WARN_DEPRECATED_OBJC_IMPLEMENTATIONS = YES;
				CLANG_WARN_DIRECT_OBJC_ISA_USAGE = YES_ERROR;
				CLANG_WARN_DOCUMENTATION_COMMENTS = YES;
				CLANG_WARN_EMPTY_BODY = YES;
				CLANG_WARN_ENUM_CONVERSION = YES;
				CLANG_WARN_INFINITE_RECURSION = YES;
				CLANG_WARN_INT_CONVERSION = YES;
				CLANG_WARN_NON_LITERAL_NULL_CONVERSION = YES;
				CLANG_WARN_OBJC_IMPLICIT_RETAIN_SELF = YES;
				CLANG_WARN_OBJC_LITERAL_CONVERSION = YES;
				CLANG_WARN_OBJC_ROOT_CLASS = YES_ERROR;
				CLANG_WARN_QUOTED_INCLUDE_IN_FRAMEWORK_HEADER = YES;
				CLANG_WARN_RANGE_LOOP_ANALYSIS = YES;
				CLANG_WARN_STRICT_PROTOTYPES = YES;
				CLANG_WARN_SUSPICIOUS_MOVE = YES;
				CLANG_WARN_UNGUARDED_AVAILABILITY = YES_AGGRESSIVE;
				CLANG_WARN_UNREACHABLE_CODE = YES;
				CLANG_WARN__DUPLICATE_METHOD_MATCH = YES;
				COPY_PHASE_STRIP = NO;
				DEBUG_INFORMATION_FORMAT = dwarf;
				ENABLE_STRICT_OBJC_MSGSEND = YES;
				ENABLE_TESTABILITY = YES;
				ENABLE_USER_SCRIPT_SANDBOXING = YES;
				GCC_C_LANGUAGE_STANDARD = gnu17;
				GCC_DYNAMIC_NO_PIC = NO;
				GCC_NO_COMMON_BLOCKS = YES;
				GCC_OPTIMIZATION_LEVEL = 0;
				GCC_PREPROCESSOR_DEFINITIONS = (
					"DEBUG=1",
					"$(inherited)",
				);
				GCC_WARN_64_TO_32_BIT_CONVERSION = YES;
				GCC_WARN_ABOUT_RETURN_TYPE = YES_ERROR;
				GCC_WARN_UNDECLARED_SELECTOR = YES;
				GCC_WARN_UNINITIALIZED_AUTOS = YES_AGGRESSIVE;
				GCC_WARN_UNUSED_FUNCTION = YES;
				GCC_WARN_UNUSED_VARIABLE = YES;
				IPHONEOS_DEPLOYMENT_TARGET = 17.0;
				LOCALIZATION_PREFERS_STRING_CATALOGS = YES;
				MTL_ENABLE_DEBUG_INFO = INCLUDE_SOURCE;
				MTL_FAST_MATH = YES;
				ONLY_ACTIVE_ARCH = YES;
				SDKROOT = iphoneos;
				SWIFT_ACTIVE_COMPILATION_CONDITIONS = "DEBUG $(inherited)";
				SWIFT_OPTIMIZATION_LEVEL = "-Onone";
			};
			name = Debug;
		};
		957565242B2B7E0300415531 /* Release */ = {
			isa = XCBuildConfiguration;
			buildSettings = {
				ALWAYS_SEARCH_USER_PATHS = NO;
				ASSETCATALOG_COMPILER_GENERATE_SWIFT_ASSET_SYMBOL_EXTENSIONS = YES;
				CLANG_ANALYZER_NONNULL = YES;
				CLANG_ANALYZER_NUMBER_OBJECT_CONVERSION = YES_AGGRESSIVE;
				CLANG_CXX_LANGUAGE_STANDARD = "gnu++20";
				CLANG_ENABLE_MODULES = YES;
				CLANG_ENABLE_OBJC_ARC = YES;
				CLANG_ENABLE_OBJC_WEAK = YES;
				CLANG_WARN_BLOCK_CAPTURE_AUTORELEASING = YES;
				CLANG_WARN_BOOL_CONVERSION = YES;
				CLANG_WARN_COMMA = YES;
				CLANG_WARN_CONSTANT_CONVERSION = YES;
				CLANG_WARN_DEPRECATED_OBJC_IMPLEMENTATIONS = YES;
				CLANG_WARN_DIRECT_OBJC_ISA_USAGE = YES_ERROR;
				CLANG_WARN_DOCUMENTATION_COMMENTS = YES;
				CLANG_WARN_EMPTY_BODY = YES;
				CLANG_WARN_ENUM_CONVERSION = YES;
				CLANG_WARN_INFINITE_RECURSION = YES;
				CLANG_WARN_INT_CONVERSION = YES;
				CLANG_WARN_NON_LITERAL_NULL_CONVERSION = YES;
				CLANG_WARN_OBJC_IMPLICIT_RETAIN_SELF = YES;
				CLANG_WARN_OBJC_LITERAL_CONVERSION = YES;
				CLANG_WARN_OBJC_ROOT_CLASS = YES_ERROR;
				CLANG_WARN_QUOTED_INCLUDE_IN_FRAMEWORK_HEADER = YES;
				CLANG_WARN_RANGE_LOOP_ANALYSIS = YES;
				CLANG_WARN_STRICT_PROTOTYPES = YES;
				CLANG_WARN_SUSPICIOUS_MOVE = YES;
				CLANG_WARN_UNGUARDED_AVAILABILITY = YES_AGGRESSIVE;
				CLANG_WARN_UNREACHABLE_CODE = YES;
				CLANG_WARN__DUPLICATE_METHOD_MATCH = YES;
				COPY_PHASE_STRIP = NO;
				DEBUG_INFORMATION_FORMAT = "dwarf-with-dsym";
				ENABLE_NS_ASSERTIONS = NO;
				ENABLE_STRICT_OBJC_MSGSEND = YES;
				ENABLE_USER_SCRIPT_SANDBOXING = YES;
				GCC_C_LANGUAGE_STANDARD = gnu17;
				GCC_NO_COMMON_BLOCKS = YES;
				GCC_WARN_64_TO_32_BIT_CONVERSION = YES;
				GCC_WARN_ABOUT_RETURN_TYPE = YES_ERROR;
				GCC_WARN_UNDECLARED_SELECTOR = YES;
				GCC_WARN_UNINITIALIZED_AUTOS = YES_AGGRESSIVE;
				GCC_WARN_UNUSED_FUNCTION = YES;
				GCC_WARN_UNUSED_VARIABLE = YES;
				IPHONEOS_DEPLOYMENT_TARGET = 17.0;
				LOCALIZATION_PREFERS_STRING_CATALOGS = YES;
				MTL_ENABLE_DEBUG_INFO = NO;
				MTL_FAST_MATH = YES;
				SDKROOT = iphoneos;
				SWIFT_COMPILATION_MODE = wholemodule;
				VALIDATE_PRODUCT = YES;
			};
			name = Release;
		};
		957565262B2B7E0300415531 /* Debug */ = {
			isa = XCBuildConfiguration;
			buildSettings = {
				ASSETCATALOG_COMPILER_APPICON_NAME = AppIcon;
				ASSETCATALOG_COMPILER_GLOBAL_ACCENT_COLOR_NAME = AccentColor;
				CODE_SIGN_STYLE = Automatic;
				CURRENT_PROJECT_VERSION = 1;
				DEVELOPMENT_ASSET_PATHS = "\"HotelBooking/Preview Content\"";
				DEVELOPMENT_TEAM = TNTX3799P3;
				ENABLE_PREVIEWS = YES;
				GENERATE_INFOPLIST_FILE = YES;
				INFOPLIST_KEY_UIApplicationSceneManifest_Generation = YES;
				INFOPLIST_KEY_UIApplicationSupportsIndirectInputEvents = YES;
				INFOPLIST_KEY_UILaunchScreen_Generation = YES;
				INFOPLIST_KEY_UISupportedInterfaceOrientations_iPad = "UIInterfaceOrientationPortrait UIInterfaceOrientationPortraitUpsideDown UIInterfaceOrientationLandscapeLeft UIInterfaceOrientationLandscapeRight";
				INFOPLIST_KEY_UISupportedInterfaceOrientations_iPhone = "UIInterfaceOrientationPortrait UIInterfaceOrientationLandscapeLeft UIInterfaceOrientationLandscapeRight";
				LD_RUNPATH_SEARCH_PATHS = (
					"$(inherited)",
					"@executable_path/Frameworks",
				);
				MARKETING_VERSION = 1.0;
				PRODUCT_BUNDLE_IDENTIFIER = DenisDmitriev.HotelBooking;
				PRODUCT_NAME = "$(TARGET_NAME)";
				SWIFT_EMIT_LOC_STRINGS = YES;
				SWIFT_VERSION = 5.0;
				TARGETED_DEVICE_FAMILY = "1,2";
			};
			name = Debug;
		};
		957565272B2B7E0300415531 /* Release */ = {
			isa = XCBuildConfiguration;
			buildSettings = {
				ASSETCATALOG_COMPILER_APPICON_NAME = AppIcon;
				ASSETCATALOG_COMPILER_GLOBAL_ACCENT_COLOR_NAME = AccentColor;
				CODE_SIGN_STYLE = Automatic;
				CURRENT_PROJECT_VERSION = 1;
				DEVELOPMENT_ASSET_PATHS = "\"HotelBooking/Preview Content\"";
				DEVELOPMENT_TEAM = TNTX3799P3;
				ENABLE_PREVIEWS = YES;
				GENERATE_INFOPLIST_FILE = YES;
				INFOPLIST_KEY_UIApplicationSceneManifest_Generation = YES;
				INFOPLIST_KEY_UIApplicationSupportsIndirectInputEvents = YES;
				INFOPLIST_KEY_UILaunchScreen_Generation = YES;
				INFOPLIST_KEY_UISupportedInterfaceOrientations_iPad = "UIInterfaceOrientationPortrait UIInterfaceOrientationPortraitUpsideDown UIInterfaceOrientationLandscapeLeft UIInterfaceOrientationLandscapeRight";
				INFOPLIST_KEY_UISupportedInterfaceOrientations_iPhone = "UIInterfaceOrientationPortrait UIInterfaceOrientationLandscapeLeft UIInterfaceOrientationLandscapeRight";
				LD_RUNPATH_SEARCH_PATHS = (
					"$(inherited)",
					"@executable_path/Frameworks",
				);
				MARKETING_VERSION = 1.0;
				PRODUCT_BUNDLE_IDENTIFIER = DenisDmitriev.HotelBooking;
				PRODUCT_NAME = "$(TARGET_NAME)";
				SWIFT_EMIT_LOC_STRINGS = YES;
				SWIFT_VERSION = 5.0;
				TARGETED_DEVICE_FAMILY = "1,2";
			};
			name = Release;
		};
/* End XCBuildConfiguration section */

/* Begin XCConfigurationList section */
		957565122B2B7E0100415531 /* Build configuration list for PBXProject "HotelBooking" */ = {
			isa = XCConfigurationList;
			buildConfigurations = (
				957565232B2B7E0300415531 /* Debug */,
				957565242B2B7E0300415531 /* Release */,
			);
			defaultConfigurationIsVisible = 0;
			defaultConfigurationName = Release;
		};
		957565252B2B7E0300415531 /* Build configuration list for PBXNativeTarget "HotelBooking" */ = {
			isa = XCConfigurationList;
			buildConfigurations = (
				957565262B2B7E0300415531 /* Debug */,
				957565272B2B7E0300415531 /* Release */,
			);
			defaultConfigurationIsVisible = 0;
			defaultConfigurationName = Release;
		};
/* End XCConfigurationList section */
	};
	rootObject = 9575650F2B2B7E0100415531 /* Project object */;
}
